// !$*UTF8*$!
{
	archiveVersion = 1;
	classes = {
	};
	objectVersion = 50;
	objects = {

/* Begin PBXBuildFile section */
		A70A4624239C6279005325C7 /* FakeAppDelegate.swift in Sources */ = {isa = PBXBuildFile; fileRef = A70A4623239C6279005325C7 /* FakeAppDelegate.swift */; };
		A70A4626239C62F4005325C7 /* main.swift in Sources */ = {isa = PBXBuildFile; fileRef = A70A4625239C62F4005325C7 /* main.swift */; };
		A70A4627239C6633005325C7 /* main.swift in Sources */ = {isa = PBXBuildFile; fileRef = A70A4625239C62F4005325C7 /* main.swift */; };
		A70A4628239C663F005325C7 /* FakeAppDelegate.swift in Sources */ = {isa = PBXBuildFile; fileRef = A70A4623239C6279005325C7 /* FakeAppDelegate.swift */; };
		A70A462C239D01AF005325C7 /* GitHubNetworkManagerTests.swift in Sources */ = {isa = PBXBuildFile; fileRef = A70A462B239D01AF005325C7 /* GitHubNetworkManagerTests.swift */; };
		A70A462E239D01C4005325C7 /* MockUrlSession.swift in Sources */ = {isa = PBXBuildFile; fileRef = A70A462D239D01C4005325C7 /* MockUrlSession.swift */; };
		A70A4630239D157D005325C7 /* FirebaseNetworkManagerTests.swift in Sources */ = {isa = PBXBuildFile; fileRef = A70A462F239D157D005325C7 /* FirebaseNetworkManagerTests.swift */; };
		A70A4632239D18D3005325C7 /* CommitModelTests.swift in Sources */ = {isa = PBXBuildFile; fileRef = A70A4631239D18D3005325C7 /* CommitModelTests.swift */; };
		A70A4635239D21AF005325C7 /* ProjectBaseTests.swift in Sources */ = {isa = PBXBuildFile; fileRef = A70A4634239D21AF005325C7 /* ProjectBaseTests.swift */; };
		A70A4637239D27BC005325C7 /* ProjectModelTests.swift in Sources */ = {isa = PBXBuildFile; fileRef = A70A4636239D27BC005325C7 /* ProjectModelTests.swift */; };
		A70A463A239D2ACF005325C7 /* LogOutCommandTests.swift in Sources */ = {isa = PBXBuildFile; fileRef = A70A4639239D2ACF005325C7 /* LogOutCommandTests.swift */; };
		A70A463C239D2D43005325C7 /* SettingsViewControllerTests.swift in Sources */ = {isa = PBXBuildFile; fileRef = A70A463B239D2D43005325C7 /* SettingsViewControllerTests.swift */; };
		A70A463E239D2FC4005325C7 /* ProjectsTableViewController.swift in Sources */ = {isa = PBXBuildFile; fileRef = A70A463D239D2FC4005325C7 /* ProjectsTableViewController.swift */; };
		A70A4640239D305A005325C7 /* ProjectsTableViewControllerTests.swift in Sources */ = {isa = PBXBuildFile; fileRef = A70A463F239D305A005325C7 /* ProjectsTableViewControllerTests.swift */; };
		A70A4641239D31B9005325C7 /* ProjectsTableViewController.swift in Sources */ = {isa = PBXBuildFile; fileRef = A70A463D239D2FC4005325C7 /* ProjectsTableViewController.swift */; };
		A70A4643239D344C005325C7 /* DescriptionTableViewCellTests.swift in Sources */ = {isa = PBXBuildFile; fileRef = A70A4642239D344C005325C7 /* DescriptionTableViewCellTests.swift */; };
		A70A4646239D3731005325C7 /* RepoTableCellTests.swift in Sources */ = {isa = PBXBuildFile; fileRef = A70A4645239D3731005325C7 /* RepoTableCellTests.swift */; };
		A70A4648239D39DA005325C7 /* CollaboratorsTableViewCellTests.swift in Sources */ = {isa = PBXBuildFile; fileRef = A70A4647239D39DA005325C7 /* CollaboratorsTableViewCellTests.swift */; };
		A70A464C239D3E6A005325C7 /* LogoutSettingsTableViewCellTests.swift in Sources */ = {isa = PBXBuildFile; fileRef = A70A464B239D3E6A005325C7 /* LogoutSettingsTableViewCellTests.swift */; };
		A70A464E239D4098005325C7 /* TasksTableViewCellTests.swift in Sources */ = {isa = PBXBuildFile; fileRef = A70A464D239D4098005325C7 /* TasksTableViewCellTests.swift */; };
		A70A4650239D44BE005325C7 /* ProjectViewControllerTests.swift in Sources */ = {isa = PBXBuildFile; fileRef = A70A464F239D44BE005325C7 /* ProjectViewControllerTests.swift */; };
		A70A4653239D4815005325C7 /* OwnerAndViewButtonTableViewCellTests.swift in Sources */ = {isa = PBXBuildFile; fileRef = A70A4652239D4815005325C7 /* OwnerAndViewButtonTableViewCellTests.swift */; };
		A70A4655239D4AA0005325C7 /* CollaboratorsTableViewController.swift in Sources */ = {isa = PBXBuildFile; fileRef = A70A4654239D4AA0005325C7 /* CollaboratorsTableViewController.swift */; };
		A70A4656239D4AA4005325C7 /* CollaboratorsTableViewController.swift in Sources */ = {isa = PBXBuildFile; fileRef = A70A4654239D4AA0005325C7 /* CollaboratorsTableViewController.swift */; };
		A70A4658239D4FA7005325C7 /* RepositoryCollaboratorsTableViewCellTests.swift in Sources */ = {isa = PBXBuildFile; fileRef = A70A4657239D4FA7005325C7 /* RepositoryCollaboratorsTableViewCellTests.swift */; };
		A70A465A239D50E2005325C7 /* SegmentCommitsBranchesTableViewCellTests.swift in Sources */ = {isa = PBXBuildFile; fileRef = A70A4659239D50E2005325C7 /* SegmentCommitsBranchesTableViewCellTests.swift */; };
		A70A465C239D786B005325C7 /* UserDefaultsTests.swift in Sources */ = {isa = PBXBuildFile; fileRef = A70A465B239D786B005325C7 /* UserDefaultsTests.swift */; };
		A7282A2D239E2F7E0055A12A /* Builder.swift in Sources */ = {isa = PBXBuildFile; fileRef = A7282A2C239E2F7E0055A12A /* Builder.swift */; };
		A7282A2F239E325D0055A12A /* Builder.swift in Sources */ = {isa = PBXBuildFile; fileRef = A7282A2C239E2F7E0055A12A /* Builder.swift */; };
		A7282A33239E35490055A12A /* SettingsPresenter.swift in Sources */ = {isa = PBXBuildFile; fileRef = A7282A32239E35490055A12A /* SettingsPresenter.swift */; };
		A7282A35239E37500055A12A /* SettingsPresenter.swift in Sources */ = {isa = PBXBuildFile; fileRef = A7282A32239E35490055A12A /* SettingsPresenter.swift */; };
		A7282A3B239E40970055A12A /* StartAppViewControllerTests.swift in Sources */ = {isa = PBXBuildFile; fileRef = A7282A3A239E40970055A12A /* StartAppViewControllerTests.swift */; };
		A7282A3E239E53220055A12A /* Mock.swift in Sources */ = {isa = PBXBuildFile; fileRef = A7282A3D239E53220055A12A /* Mock.swift */; };
		A73FC69B2396CFE6000F9F5C /* OwnerAndViewButtonTableViewCell.swift in Sources */ = {isa = PBXBuildFile; fileRef = A73FC69A2396CFE6000F9F5C /* OwnerAndViewButtonTableViewCell.swift */; };
		A73FC69C2396D087000F9F5C /* OwnerAndViewButtonTableViewCell.swift in Sources */ = {isa = PBXBuildFile; fileRef = A73FC69A2396CFE6000F9F5C /* OwnerAndViewButtonTableViewCell.swift */; };
		A73FC69E2396D66B000F9F5C /* SegmentCommitsBranchesTableViewCell.swift in Sources */ = {isa = PBXBuildFile; fileRef = A73FC69D2396D66B000F9F5C /* SegmentCommitsBranchesTableViewCell.swift */; };
		A73FC69F2396D81E000F9F5C /* SegmentCommitsBranchesTableViewCell.swift in Sources */ = {isa = PBXBuildFile; fileRef = A73FC69D2396D66B000F9F5C /* SegmentCommitsBranchesTableViewCell.swift */; };
		A73FC6A12396DADC000F9F5C /* RepositoryCollaboratorsTableViewCell.swift in Sources */ = {isa = PBXBuildFile; fileRef = A73FC6A02396DADC000F9F5C /* RepositoryCollaboratorsTableViewCell.swift */; };
		A73FC6A42396DBBF000F9F5C /* RepositoryCollaboratorsTableViewCell.swift in Sources */ = {isa = PBXBuildFile; fileRef = A73FC6A02396DADC000F9F5C /* RepositoryCollaboratorsTableViewCell.swift */; };
		A742042E239AE28D009D344F /* ProjectTableViewCell.swift in Sources */ = {isa = PBXBuildFile; fileRef = A742042D239AE28D009D344F /* ProjectTableViewCell.swift */; };
		A742042F239AE3F4009D344F /* ProjectTableViewCell.swift in Sources */ = {isa = PBXBuildFile; fileRef = A742042D239AE28D009D344F /* ProjectTableViewCell.swift */; };
		A7495FC3239655F400C120DC /* FirebaseEndPoint.swift in Sources */ = {isa = PBXBuildFile; fileRef = A7495FC2239655F400C120DC /* FirebaseEndPoint.swift */; };
		A7495FC5239670A200C120DC /* FirebaseNetworkManager.swift in Sources */ = {isa = PBXBuildFile; fileRef = A7495FC4239670A200C120DC /* FirebaseNetworkManager.swift */; };
		A7495FC62396714600C120DC /* FirebaseNetworkManager.swift in Sources */ = {isa = PBXBuildFile; fileRef = A7495FC4239670A200C120DC /* FirebaseNetworkManager.swift */; };
		A7495FC72396714A00C120DC /* FirebaseEndPoint.swift in Sources */ = {isa = PBXBuildFile; fileRef = A7495FC2239655F400C120DC /* FirebaseEndPoint.swift */; };
		A7495FC923967A7100C120DC /* RepositoriesBase.swift in Sources */ = {isa = PBXBuildFile; fileRef = A7495FC823967A7100C120DC /* RepositoriesBase.swift */; };
		A7495FCA23967BBD00C120DC /* RepositoriesBase.swift in Sources */ = {isa = PBXBuildFile; fileRef = A7495FC823967A7100C120DC /* RepositoriesBase.swift */; };
		A7495FCE2396839500C120DC /* ProjectsBase.swift in Sources */ = {isa = PBXBuildFile; fileRef = A7495FCD2396839500C120DC /* ProjectsBase.swift */; };
		A7495FCF239683AC00C120DC /* ProjectsBase.swift in Sources */ = {isa = PBXBuildFile; fileRef = A7495FCD2396839500C120DC /* ProjectsBase.swift */; };
		A74A16B6239C113900E60176 /* CoreDataStackTests.swift in Sources */ = {isa = PBXBuildFile; fileRef = A74A16B5239C113900E60176 /* CoreDataStackTests.swift */; };
		A74A16BA239C161A00E60176 /* CoreDataAdapterTests.swift in Sources */ = {isa = PBXBuildFile; fileRef = A74A16B9239C161A00E60176 /* CoreDataAdapterTests.swift */; };
		A7525B582392F80700AD8587 /* StartAppViewController.swift in Sources */ = {isa = PBXBuildFile; fileRef = A7525B572392F80700AD8587 /* StartAppViewController.swift */; };
		A7525B5A239301DA00AD8587 /* LogOutCommand.swift in Sources */ = {isa = PBXBuildFile; fileRef = A7525B59239301DA00AD8587 /* LogOutCommand.swift */; };
		A7525B6423942D8600AD8587 /* EndPointTypeProtocol.swift in Sources */ = {isa = PBXBuildFile; fileRef = A7525B6323942D8600AD8587 /* EndPointTypeProtocol.swift */; };
		A7525B6623942E4500AD8587 /* HTTPMethod.swift in Sources */ = {isa = PBXBuildFile; fileRef = A7525B6523942E4500AD8587 /* HTTPMethod.swift */; };
		A7525B6823942E9C00AD8587 /* HTTPTask.swift in Sources */ = {isa = PBXBuildFile; fileRef = A7525B6723942E9C00AD8587 /* HTTPTask.swift */; };
		A7525B6A23942F7400AD8587 /* ParameterEncodingProtocol.swift in Sources */ = {isa = PBXBuildFile; fileRef = A7525B6923942F7400AD8587 /* ParameterEncodingProtocol.swift */; };
		A7525B6C239430C100AD8587 /* URLParameterEncoder.swift in Sources */ = {isa = PBXBuildFile; fileRef = A7525B6B239430C100AD8587 /* URLParameterEncoder.swift */; };
		A7525B6E2394327000AD8587 /* JSONParameterEncoder.swift in Sources */ = {isa = PBXBuildFile; fileRef = A7525B6D2394327000AD8587 /* JSONParameterEncoder.swift */; };
		A7525B702394336400AD8587 /* NetworkRouterProtocol.swift in Sources */ = {isa = PBXBuildFile; fileRef = A7525B6F2394336400AD8587 /* NetworkRouterProtocol.swift */; };
		A7525B722394346200AD8587 /* Router.swift in Sources */ = {isa = PBXBuildFile; fileRef = A7525B712394346200AD8587 /* Router.swift */; };
		A7525B7E2394444300AD8587 /* GitHubEndPoint.swift in Sources */ = {isa = PBXBuildFile; fileRef = A7525B7D2394444300AD8587 /* GitHubEndPoint.swift */; };
		A7525B80239447A200AD8587 /* GitHubNetworkManager.swift in Sources */ = {isa = PBXBuildFile; fileRef = A7525B7F239447A200AD8587 /* GitHubNetworkManager.swift */; };
		A7525B8223945D3200AD8587 /* LoginModel.swift in Sources */ = {isa = PBXBuildFile; fileRef = A7525B8123945D3200AD8587 /* LoginModel.swift */; };
		A7664F72239E57CB00B827BB /* SettingsPresenterTests.swift in Sources */ = {isa = PBXBuildFile; fileRef = A7664F71239E57CB00B827BB /* SettingsPresenterTests.swift */; };
		A77404EE239110E90038851E /* Registration.swift in Sources */ = {isa = PBXBuildFile; fileRef = A77404ED239110E90038851E /* Registration.swift */; };
		A77404FA23912FFC0038851E /* UserDefExt.swift in Sources */ = {isa = PBXBuildFile; fileRef = A77404F923912FFC0038851E /* UserDefExt.swift */; };
		A774053B23918FE60038851E /* repo.xib in Resources */ = {isa = PBXBuildFile; fileRef = A774053A23918FE60038851E /* repo.xib */; };
		A7751775239BBA1800716795 /* GitHubEndPointTests.swift in Sources */ = {isa = PBXBuildFile; fileRef = A7751773239BBA1700716795 /* GitHubEndPointTests.swift */; };
		A7751779239BC7BF00716795 /* FirebaseEndPointTests.swift in Sources */ = {isa = PBXBuildFile; fileRef = A7751777239BC7BF00716795 /* FirebaseEndPointTests.swift */; };
		A775177B239BCD1700716795 /* LoaderTests.swift in Sources */ = {isa = PBXBuildFile; fileRef = A775177A239BCD1700716795 /* LoaderTests.swift */; };
		A77763742396F089007859CA /* DiamondLoad.swift in Sources */ = {isa = PBXBuildFile; fileRef = A77763732396F089007859CA /* DiamondLoad.swift */; };
		A77763752396F0B1007859CA /* DiamondLoad.swift in Sources */ = {isa = PBXBuildFile; fileRef = A77763732396F089007859CA /* DiamondLoad.swift */; };
		A77763772397BB10007859CA /* NetworkManagerProtocol.swift in Sources */ = {isa = PBXBuildFile; fileRef = A77763762397BB10007859CA /* NetworkManagerProtocol.swift */; };
		A77763782397BB4B007859CA /* NetworkManagerProtocol.swift in Sources */ = {isa = PBXBuildFile; fileRef = A77763762397BB10007859CA /* NetworkManagerProtocol.swift */; };
		A777637A2397BDF9007859CA /* EventModel.swift in Sources */ = {isa = PBXBuildFile; fileRef = A77763792397BDF9007859CA /* EventModel.swift */; };
		A777637B2397BE2E007859CA /* EventModel.swift in Sources */ = {isa = PBXBuildFile; fileRef = A77763792397BDF9007859CA /* EventModel.swift */; };
		A777637D2397C7E1007859CA /* BranchModel.swift in Sources */ = {isa = PBXBuildFile; fileRef = A777637C2397C7E1007859CA /* BranchModel.swift */; };
		A777637E2397C83B007859CA /* BranchModel.swift in Sources */ = {isa = PBXBuildFile; fileRef = A777637C2397C7E1007859CA /* BranchModel.swift */; };
		A77763802398190C007859CA /* ViewWithCustomTableTableViewCellDelegate.swift in Sources */ = {isa = PBXBuildFile; fileRef = A777637F2398190C007859CA /* ViewWithCustomTableTableViewCellDelegate.swift */; };
		A777638123981AA9007859CA /* ViewWithCustomTableTableViewCellDelegate.swift in Sources */ = {isa = PBXBuildFile; fileRef = A777637F2398190C007859CA /* ViewWithCustomTableTableViewCellDelegate.swift */; };
		A777638423983711007859CA /* LoginSettingsTableViewCell.swift in Sources */ = {isa = PBXBuildFile; fileRef = A777638323983711007859CA /* LoginSettingsTableViewCell.swift */; };
		A7776385239837DE007859CA /* LoginSettingsTableViewCell.swift in Sources */ = {isa = PBXBuildFile; fileRef = A777638323983711007859CA /* LoginSettingsTableViewCell.swift */; };
		A7776387239838F1007859CA /* LogoutSettingsTableViewCell.swift in Sources */ = {isa = PBXBuildFile; fileRef = A7776386239838F1007859CA /* LogoutSettingsTableViewCell.swift */; };
		A7776388239839BA007859CA /* LogoutSettingsTableViewCell.swift in Sources */ = {isa = PBXBuildFile; fileRef = A7776386239838F1007859CA /* LogoutSettingsTableViewCell.swift */; };
		A785A77E2396A73B0040D4CD /* ProjectForUploadToBack.swift in Sources */ = {isa = PBXBuildFile; fileRef = A785A77D2396A73B0040D4CD /* ProjectForUploadToBack.swift */; };
		A785A77F2396A7CF0040D4CD /* ProjectForUploadToBack.swift in Sources */ = {isa = PBXBuildFile; fileRef = A785A77D2396A73B0040D4CD /* ProjectForUploadToBack.swift */; };
		A78A3703239C308300A68BF0 /* RouterTests.swift in Sources */ = {isa = PBXBuildFile; fileRef = A78A3702239C308300A68BF0 /* RouterTests.swift */; };
		A796F33323959815007D7E51 /* SomeUrlWebViewController.swift in Sources */ = {isa = PBXBuildFile; fileRef = A7A5DE6F239592C2004271D9 /* SomeUrlWebViewController.swift */; };
		A796F3352395AB4D007D7E51 /* RepositoriesTableViewCell.swift in Sources */ = {isa = PBXBuildFile; fileRef = A796F3342395AB4D007D7E51 /* RepositoriesTableViewCell.swift */; };
		A796F3362395AD57007D7E51 /* RepositoriesTableViewCell.swift in Sources */ = {isa = PBXBuildFile; fileRef = A796F3342395AB4D007D7E51 /* RepositoriesTableViewCell.swift */; };
		A7A5DE4B23952306004271D9 /* AppDelegate.swift in Sources */ = {isa = PBXBuildFile; fileRef = A7FE0686238BE7F30093F07A /* AppDelegate.swift */; };
		A7A5DE4C23952319004271D9 /* RootViewController.swift in Sources */ = {isa = PBXBuildFile; fileRef = A7FE069E238BF3510093F07A /* RootViewController.swift */; };
		A7A5DE4D23952326004271D9 /* StartAppViewController.swift in Sources */ = {isa = PBXBuildFile; fileRef = A7525B572392F80700AD8587 /* StartAppViewController.swift */; };
		A7A5DE4E2395232D004271D9 /* BaseTabBarController.swift in Sources */ = {isa = PBXBuildFile; fileRef = A7FE06A0238BF4540093F07A /* BaseTabBarController.swift */; };
		A7A5DE4F23952341004271D9 /* ParameterEncodingProtocol.swift in Sources */ = {isa = PBXBuildFile; fileRef = A7525B6923942F7400AD8587 /* ParameterEncodingProtocol.swift */; };
		A7A5DE5023952341004271D9 /* URLParameterEncoder.swift in Sources */ = {isa = PBXBuildFile; fileRef = A7525B6B239430C100AD8587 /* URLParameterEncoder.swift */; };
		A7A5DE5123952341004271D9 /* JSONParameterEncoder.swift in Sources */ = {isa = PBXBuildFile; fileRef = A7525B6D2394327000AD8587 /* JSONParameterEncoder.swift */; };
		A7A5DE5223952347004271D9 /* GitHubEndPoint.swift in Sources */ = {isa = PBXBuildFile; fileRef = A7525B7D2394444300AD8587 /* GitHubEndPoint.swift */; };
		A7A5DE532395234A004271D9 /* GitHubNetworkManager.swift in Sources */ = {isa = PBXBuildFile; fileRef = A7525B7F239447A200AD8587 /* GitHubNetworkManager.swift */; };
		A7A5DE542395234D004271D9 /* RepositoryModel.swift in Sources */ = {isa = PBXBuildFile; fileRef = A7FE06AC238C49F20093F07A /* RepositoryModel.swift */; };
		A7A5DE552395234F004271D9 /* LoginModel.swift in Sources */ = {isa = PBXBuildFile; fileRef = A7525B8123945D3200AD8587 /* LoginModel.swift */; };
		A7A5DE5723952357004271D9 /* Registration.swift in Sources */ = {isa = PBXBuildFile; fileRef = A77404ED239110E90038851E /* Registration.swift */; };
		A7A5DE582395235B004271D9 /* UserDefExt.swift in Sources */ = {isa = PBXBuildFile; fileRef = A77404F923912FFC0038851E /* UserDefExt.swift */; };
		A7A5DE5C23952364004271D9 /* ProjectModel.swift in Sources */ = {isa = PBXBuildFile; fileRef = A7FE06AA238C46880093F07A /* ProjectModel.swift */; };
		A7A5DE5D23952364004271D9 /* ProjectViewController.swift in Sources */ = {isa = PBXBuildFile; fileRef = A7B481E4239260A500AFA19E /* ProjectViewController.swift */; };
		A7A5DE5E23952364004271D9 /* DescriptionTableViewCell.swift in Sources */ = {isa = PBXBuildFile; fileRef = A7B481E62392643600AFA19E /* DescriptionTableViewCell.swift */; };
		A7A5DE5F23952364004271D9 /* RepoTableViewCell.swift in Sources */ = {isa = PBXBuildFile; fileRef = A7B481E82392705600AFA19E /* RepoTableViewCell.swift */; };
		A7A5DE6023952364004271D9 /* CollaboratorsTableViewCell.swift in Sources */ = {isa = PBXBuildFile; fileRef = A7B481EA239271A100AFA19E /* CollaboratorsTableViewCell.swift */; };
		A7A5DE6123952364004271D9 /* TasksTableViewCell.swift in Sources */ = {isa = PBXBuildFile; fileRef = A7B481EC2392725400AFA19E /* TasksTableViewCell.swift */; };
		A7A5DE6223952369004271D9 /* RepositoriesTableViewController.swift in Sources */ = {isa = PBXBuildFile; fileRef = A7FE069A238BF0E20093F07A /* RepositoriesTableViewController.swift */; };
		A7A5DE6323952369004271D9 /* RepoViewController.swift in Sources */ = {isa = PBXBuildFile; fileRef = A7FE069C238BF1B30093F07A /* RepoViewController.swift */; };
		A7A5DE6423952369004271D9 /* SettingsViewController.swift in Sources */ = {isa = PBXBuildFile; fileRef = A7B481EE2392C26B00AFA19E /* SettingsViewController.swift */; };
		A7A5DE652395236F004271D9 /* LogOutCommand.swift in Sources */ = {isa = PBXBuildFile; fileRef = A7525B59239301DA00AD8587 /* LogOutCommand.swift */; };
		A7A5DE6623952382004271D9 /* EndPointTypeProtocol.swift in Sources */ = {isa = PBXBuildFile; fileRef = A7525B6323942D8600AD8587 /* EndPointTypeProtocol.swift */; };
		A7A5DE6723952389004271D9 /* Router.swift in Sources */ = {isa = PBXBuildFile; fileRef = A7525B712394346200AD8587 /* Router.swift */; };
		A7A5DE6823952390004271D9 /* HTTPMethod.swift in Sources */ = {isa = PBXBuildFile; fileRef = A7525B6523942E4500AD8587 /* HTTPMethod.swift */; };
		A7A5DE6923952390004271D9 /* HTTPTask.swift in Sources */ = {isa = PBXBuildFile; fileRef = A7525B6723942E9C00AD8587 /* HTTPTask.swift */; };
		A7A5DE6A23952390004271D9 /* NetworkRouterProtocol.swift in Sources */ = {isa = PBXBuildFile; fileRef = A7525B6F2394336400AD8587 /* NetworkRouterProtocol.swift */; };
		A7A5DE6C23953CD4004271D9 /* URLParameterEncoderTests.swift in Sources */ = {isa = PBXBuildFile; fileRef = A7A5DE6B23953CD4004271D9 /* URLParameterEncoderTests.swift */; };
		A7A5DE6E239577CD004271D9 /* JSONParameterEncoderTests.swift in Sources */ = {isa = PBXBuildFile; fileRef = A7A5DE6D239577CD004271D9 /* JSONParameterEncoderTests.swift */; };
		A7A5DE70239592C2004271D9 /* SomeUrlWebViewController.swift in Sources */ = {isa = PBXBuildFile; fileRef = A7A5DE6F239592C2004271D9 /* SomeUrlWebViewController.swift */; };
		A7B405DF239950610092AD85 /* CoreDataStack.swift in Sources */ = {isa = PBXBuildFile; fileRef = A7B405DE239950610092AD85 /* CoreDataStack.swift */; };
		A7B405E62399510E0092AD85 /* GitRepoCoreData.xcdatamodeld in Sources */ = {isa = PBXBuildFile; fileRef = A7B405E42399510E0092AD85 /* GitRepoCoreData.xcdatamodeld */; };
		A7B405E7239953420092AD85 /* GitRepoCoreData.xcdatamodeld in Sources */ = {isa = PBXBuildFile; fileRef = A7B405E42399510E0092AD85 /* GitRepoCoreData.xcdatamodeld */; };
		A7B405E8239953440092AD85 /* CoreDataStack.swift in Sources */ = {isa = PBXBuildFile; fileRef = A7B405DE239950610092AD85 /* CoreDataStack.swift */; };
		A7B405EC239955D60092AD85 /* MOProject.swift in Sources */ = {isa = PBXBuildFile; fileRef = A7B405EB239955D60092AD85 /* MOProject.swift */; };
		A7B405F423995C380092AD85 /* MOTask.swift in Sources */ = {isa = PBXBuildFile; fileRef = A7B405F323995C380092AD85 /* MOTask.swift */; };
		A7B405F723996D1F0092AD85 /* MOAuthor.swift in Sources */ = {isa = PBXBuildFile; fileRef = A7B405F623996D1F0092AD85 /* MOAuthor.swift */; };
		A7B405F923996DAD0092AD85 /* MOBranch.swift in Sources */ = {isa = PBXBuildFile; fileRef = A7B405F823996DAD0092AD85 /* MOBranch.swift */; };
		A7B405FB23996E860092AD85 /* MORepository.swift in Sources */ = {isa = PBXBuildFile; fileRef = A7B405FA23996E860092AD85 /* MORepository.swift */; };
		A7B405FF23996EE20092AD85 /* MOAuthor.swift in Sources */ = {isa = PBXBuildFile; fileRef = A7B405F623996D1F0092AD85 /* MOAuthor.swift */; };
		A7B4060023996EE20092AD85 /* MOBranch.swift in Sources */ = {isa = PBXBuildFile; fileRef = A7B405F823996DAD0092AD85 /* MOBranch.swift */; };
		A7B4060123996EE20092AD85 /* MOProject.swift in Sources */ = {isa = PBXBuildFile; fileRef = A7B405EB239955D60092AD85 /* MOProject.swift */; };
		A7B4060223996EE20092AD85 /* MOTask.swift in Sources */ = {isa = PBXBuildFile; fileRef = A7B405F323995C380092AD85 /* MOTask.swift */; };
		A7B4060323996EE20092AD85 /* MORepository.swift in Sources */ = {isa = PBXBuildFile; fileRef = A7B405FA23996E860092AD85 /* MORepository.swift */; };
		A7B4060523996F570092AD85 /* MOCollaborator.swift in Sources */ = {isa = PBXBuildFile; fileRef = A7B4060423996F570092AD85 /* MOCollaborator.swift */; };
		A7B4060623996F930092AD85 /* MOCollaborator.swift in Sources */ = {isa = PBXBuildFile; fileRef = A7B4060423996F570092AD85 /* MOCollaborator.swift */; };
		A7B4060823996FEE0092AD85 /* MOCommit.swift in Sources */ = {isa = PBXBuildFile; fileRef = A7B4060723996FEE0092AD85 /* MOCommit.swift */; };
		A7B4060B239979950092AD85 /* CoreDataAdapter.swift in Sources */ = {isa = PBXBuildFile; fileRef = A7B4060A239979950092AD85 /* CoreDataAdapter.swift */; };
		A7B4060C2399807C0092AD85 /* CoreDataAdapter.swift in Sources */ = {isa = PBXBuildFile; fileRef = A7B4060A239979950092AD85 /* CoreDataAdapter.swift */; };
		A7B4060E239982960092AD85 /* ManagedObjectFromCoreDataService.swift in Sources */ = {isa = PBXBuildFile; fileRef = A7B4060D239982960092AD85 /* ManagedObjectFromCoreDataService.swift */; };
		A7B4060F239982CB0092AD85 /* ManagedObjectFromCoreDataService.swift in Sources */ = {isa = PBXBuildFile; fileRef = A7B4060D239982960092AD85 /* ManagedObjectFromCoreDataService.swift */; };
		A7B406102399857D0092AD85 /* MOCommit.swift in Sources */ = {isa = PBXBuildFile; fileRef = A7B4060723996FEE0092AD85 /* MOCommit.swift */; };
		A7B40612239A886C0092AD85 /* Loader.swift in Sources */ = {isa = PBXBuildFile; fileRef = A7B40611239A886C0092AD85 /* Loader.swift */; };
		A7B40613239A8BA30092AD85 /* Loader.swift in Sources */ = {isa = PBXBuildFile; fileRef = A7B40611239A886C0092AD85 /* Loader.swift */; };
		A7B481E5239260A500AFA19E /* ProjectViewController.swift in Sources */ = {isa = PBXBuildFile; fileRef = A7B481E4239260A500AFA19E /* ProjectViewController.swift */; };
		A7B481E72392643600AFA19E /* DescriptionTableViewCell.swift in Sources */ = {isa = PBXBuildFile; fileRef = A7B481E62392643600AFA19E /* DescriptionTableViewCell.swift */; };
		A7B481E92392705600AFA19E /* RepoTableViewCell.swift in Sources */ = {isa = PBXBuildFile; fileRef = A7B481E82392705600AFA19E /* RepoTableViewCell.swift */; };
		A7B481EB239271A100AFA19E /* CollaboratorsTableViewCell.swift in Sources */ = {isa = PBXBuildFile; fileRef = A7B481EA239271A100AFA19E /* CollaboratorsTableViewCell.swift */; };
		A7B481ED2392725400AFA19E /* TasksTableViewCell.swift in Sources */ = {isa = PBXBuildFile; fileRef = A7B481EC2392725400AFA19E /* TasksTableViewCell.swift */; };
		A7B481EF2392C26B00AFA19E /* SettingsViewController.swift in Sources */ = {isa = PBXBuildFile; fileRef = A7B481EE2392C26B00AFA19E /* SettingsViewController.swift */; };
		A7B71FB0239C36AA00218CEB /* RepositoriesBaseTests.swift in Sources */ = {isa = PBXBuildFile; fileRef = A7B71FAF239C36AA00218CEB /* RepositoriesBaseTests.swift */; };
		A7B71FB3239C3F7C00218CEB /* CommitModel.swift in Sources */ = {isa = PBXBuildFile; fileRef = A7B71FB2239C3F7C00218CEB /* CommitModel.swift */; };
		A7B71FB4239C3FA500218CEB /* CommitModel.swift in Sources */ = {isa = PBXBuildFile; fileRef = A7B71FB2239C3F7C00218CEB /* CommitModel.swift */; };
		A7B71FBA239C440500218CEB /* ViewWithCustomTableTableViewCellTests.swift in Sources */ = {isa = PBXBuildFile; fileRef = A7B71FB9239C440500218CEB /* ViewWithCustomTableTableViewCellTests.swift */; };
		A7F55053239BD36E0035B807 /* StartViewPresenter.swift in Sources */ = {isa = PBXBuildFile; fileRef = A7F55052239BD36E0035B807 /* StartViewPresenter.swift */; };
		A7F55054239BD5110035B807 /* StartViewPresenter.swift in Sources */ = {isa = PBXBuildFile; fileRef = A7F55052239BD36E0035B807 /* StartViewPresenter.swift */; };
		A7F55066239BEE0C0035B807 /* StartViewPresenterTests.swift in Sources */ = {isa = PBXBuildFile; fileRef = A7F55065239BEE0C0035B807 /* StartViewPresenterTests.swift */; };
		A7FE0687238BE7F30093F07A /* AppDelegate.swift in Sources */ = {isa = PBXBuildFile; fileRef = A7FE0686238BE7F30093F07A /* AppDelegate.swift */; };
		A7FE068E238BE7F40093F07A /* Assets.xcassets in Resources */ = {isa = PBXBuildFile; fileRef = A7FE068D238BE7F40093F07A /* Assets.xcassets */; };
		A7FE0691238BE7F40093F07A /* LaunchScreen.storyboard in Resources */ = {isa = PBXBuildFile; fileRef = A7FE068F238BE7F40093F07A /* LaunchScreen.storyboard */; };
		A7FE069B238BF0E20093F07A /* RepositoriesTableViewController.swift in Sources */ = {isa = PBXBuildFile; fileRef = A7FE069A238BF0E20093F07A /* RepositoriesTableViewController.swift */; };
		A7FE069D238BF1B30093F07A /* RepoViewController.swift in Sources */ = {isa = PBXBuildFile; fileRef = A7FE069C238BF1B30093F07A /* RepoViewController.swift */; };
		A7FE069F238BF3510093F07A /* RootViewController.swift in Sources */ = {isa = PBXBuildFile; fileRef = A7FE069E238BF3510093F07A /* RootViewController.swift */; };
		A7FE06A1238BF4540093F07A /* BaseTabBarController.swift in Sources */ = {isa = PBXBuildFile; fileRef = A7FE06A0238BF4540093F07A /* BaseTabBarController.swift */; };
		A7FE06AB238C46880093F07A /* ProjectModel.swift in Sources */ = {isa = PBXBuildFile; fileRef = A7FE06AA238C46880093F07A /* ProjectModel.swift */; };
		A7FE06AD238C49F20093F07A /* RepositoryModel.swift in Sources */ = {isa = PBXBuildFile; fileRef = A7FE06AC238C49F20093F07A /* RepositoryModel.swift */; };
/* End PBXBuildFile section */

/* Begin PBXContainerItemProxy section */
		A7FE06B9238D90610093F07A /* PBXContainerItemProxy */ = {
			isa = PBXContainerItemProxy;
			containerPortal = A7FE067B238BE7F30093F07A /* Project object */;
			proxyType = 1;
			remoteGlobalIDString = A7FE0682238BE7F30093F07A;
			remoteInfo = GitRepo;
		};
/* End PBXContainerItemProxy section */

/* Begin PBXFileReference section */
		A70A4623239C6279005325C7 /* FakeAppDelegate.swift */ = {isa = PBXFileReference; lastKnownFileType = sourcecode.swift; path = FakeAppDelegate.swift; sourceTree = "<group>"; };
		A70A4625239C62F4005325C7 /* main.swift */ = {isa = PBXFileReference; lastKnownFileType = sourcecode.swift; path = main.swift; sourceTree = "<group>"; };
		A70A462B239D01AF005325C7 /* GitHubNetworkManagerTests.swift */ = {isa = PBXFileReference; lastKnownFileType = sourcecode.swift; path = GitHubNetworkManagerTests.swift; sourceTree = "<group>"; };
		A70A462D239D01C4005325C7 /* MockUrlSession.swift */ = {isa = PBXFileReference; lastKnownFileType = sourcecode.swift; path = MockUrlSession.swift; sourceTree = "<group>"; };
		A70A462F239D157D005325C7 /* FirebaseNetworkManagerTests.swift */ = {isa = PBXFileReference; lastKnownFileType = sourcecode.swift; path = FirebaseNetworkManagerTests.swift; sourceTree = "<group>"; };
		A70A4631239D18D3005325C7 /* CommitModelTests.swift */ = {isa = PBXFileReference; lastKnownFileType = sourcecode.swift; path = CommitModelTests.swift; sourceTree = "<group>"; };
		A70A4634239D21AF005325C7 /* ProjectBaseTests.swift */ = {isa = PBXFileReference; lastKnownFileType = sourcecode.swift; path = ProjectBaseTests.swift; sourceTree = "<group>"; };
		A70A4636239D27BC005325C7 /* ProjectModelTests.swift */ = {isa = PBXFileReference; lastKnownFileType = sourcecode.swift; path = ProjectModelTests.swift; sourceTree = "<group>"; };
		A70A4639239D2ACF005325C7 /* LogOutCommandTests.swift */ = {isa = PBXFileReference; lastKnownFileType = sourcecode.swift; path = LogOutCommandTests.swift; sourceTree = "<group>"; };
		A70A463B239D2D43005325C7 /* SettingsViewControllerTests.swift */ = {isa = PBXFileReference; lastKnownFileType = sourcecode.swift; path = SettingsViewControllerTests.swift; sourceTree = "<group>"; };
		A70A463D239D2FC4005325C7 /* ProjectsTableViewController.swift */ = {isa = PBXFileReference; lastKnownFileType = sourcecode.swift; path = ProjectsTableViewController.swift; sourceTree = "<group>"; };
		A70A463F239D305A005325C7 /* ProjectsTableViewControllerTests.swift */ = {isa = PBXFileReference; lastKnownFileType = sourcecode.swift; path = ProjectsTableViewControllerTests.swift; sourceTree = "<group>"; };
		A70A4642239D344C005325C7 /* DescriptionTableViewCellTests.swift */ = {isa = PBXFileReference; lastKnownFileType = sourcecode.swift; path = DescriptionTableViewCellTests.swift; sourceTree = "<group>"; };
		A70A4645239D3731005325C7 /* RepoTableCellTests.swift */ = {isa = PBXFileReference; lastKnownFileType = sourcecode.swift; path = RepoTableCellTests.swift; sourceTree = "<group>"; };
		A70A4647239D39DA005325C7 /* CollaboratorsTableViewCellTests.swift */ = {isa = PBXFileReference; lastKnownFileType = sourcecode.swift; path = CollaboratorsTableViewCellTests.swift; sourceTree = "<group>"; };
		A70A464B239D3E6A005325C7 /* LogoutSettingsTableViewCellTests.swift */ = {isa = PBXFileReference; lastKnownFileType = sourcecode.swift; path = LogoutSettingsTableViewCellTests.swift; sourceTree = "<group>"; };
		A70A464D239D4098005325C7 /* TasksTableViewCellTests.swift */ = {isa = PBXFileReference; lastKnownFileType = sourcecode.swift; path = TasksTableViewCellTests.swift; sourceTree = "<group>"; };
		A70A464F239D44BE005325C7 /* ProjectViewControllerTests.swift */ = {isa = PBXFileReference; lastKnownFileType = sourcecode.swift; path = ProjectViewControllerTests.swift; sourceTree = "<group>"; };
		A70A4652239D4815005325C7 /* OwnerAndViewButtonTableViewCellTests.swift */ = {isa = PBXFileReference; lastKnownFileType = sourcecode.swift; path = OwnerAndViewButtonTableViewCellTests.swift; sourceTree = "<group>"; };
		A70A4654239D4AA0005325C7 /* CollaboratorsTableViewController.swift */ = {isa = PBXFileReference; lastKnownFileType = sourcecode.swift; path = CollaboratorsTableViewController.swift; sourceTree = "<group>"; };
		A70A4657239D4FA7005325C7 /* RepositoryCollaboratorsTableViewCellTests.swift */ = {isa = PBXFileReference; lastKnownFileType = sourcecode.swift; path = RepositoryCollaboratorsTableViewCellTests.swift; sourceTree = "<group>"; };
		A70A4659239D50E2005325C7 /* SegmentCommitsBranchesTableViewCellTests.swift */ = {isa = PBXFileReference; lastKnownFileType = sourcecode.swift; path = SegmentCommitsBranchesTableViewCellTests.swift; sourceTree = "<group>"; };
		A70A465B239D786B005325C7 /* UserDefaultsTests.swift */ = {isa = PBXFileReference; lastKnownFileType = sourcecode.swift; path = UserDefaultsTests.swift; sourceTree = "<group>"; };
		A7282A2C239E2F7E0055A12A /* Builder.swift */ = {isa = PBXFileReference; lastKnownFileType = sourcecode.swift; path = Builder.swift; sourceTree = "<group>"; };
		A7282A32239E35490055A12A /* SettingsPresenter.swift */ = {isa = PBXFileReference; lastKnownFileType = sourcecode.swift; name = SettingsPresenter.swift; path = ../SettingsPresenter.swift; sourceTree = "<group>"; };
		A7282A3A239E40970055A12A /* StartAppViewControllerTests.swift */ = {isa = PBXFileReference; lastKnownFileType = sourcecode.swift; name = StartAppViewControllerTests.swift; path = ../StartAppViewControllerTests.swift; sourceTree = "<group>"; };
		A7282A3D239E53220055A12A /* Mock.swift */ = {isa = PBXFileReference; lastKnownFileType = sourcecode.swift; path = Mock.swift; sourceTree = "<group>"; };
		A73FC69A2396CFE6000F9F5C /* OwnerAndViewButtonTableViewCell.swift */ = {isa = PBXFileReference; lastKnownFileType = sourcecode.swift; path = OwnerAndViewButtonTableViewCell.swift; sourceTree = "<group>"; };
		A73FC69D2396D66B000F9F5C /* SegmentCommitsBranchesTableViewCell.swift */ = {isa = PBXFileReference; lastKnownFileType = sourcecode.swift; path = SegmentCommitsBranchesTableViewCell.swift; sourceTree = "<group>"; };
		A73FC6A02396DADC000F9F5C /* RepositoryCollaboratorsTableViewCell.swift */ = {isa = PBXFileReference; lastKnownFileType = sourcecode.swift; path = RepositoryCollaboratorsTableViewCell.swift; sourceTree = "<group>"; };
		A742042D239AE28D009D344F /* ProjectTableViewCell.swift */ = {isa = PBXFileReference; lastKnownFileType = sourcecode.swift; path = ProjectTableViewCell.swift; sourceTree = "<group>"; };
		A7495FC2239655F400C120DC /* FirebaseEndPoint.swift */ = {isa = PBXFileReference; lastKnownFileType = sourcecode.swift; path = FirebaseEndPoint.swift; sourceTree = "<group>"; };
		A7495FC4239670A200C120DC /* FirebaseNetworkManager.swift */ = {isa = PBXFileReference; lastKnownFileType = sourcecode.swift; path = FirebaseNetworkManager.swift; sourceTree = "<group>"; };
		A7495FC823967A7100C120DC /* RepositoriesBase.swift */ = {isa = PBXFileReference; lastKnownFileType = sourcecode.swift; path = RepositoriesBase.swift; sourceTree = "<group>"; };
		A7495FCD2396839500C120DC /* ProjectsBase.swift */ = {isa = PBXFileReference; lastKnownFileType = sourcecode.swift; path = ProjectsBase.swift; sourceTree = "<group>"; };
		A74A16B5239C113900E60176 /* CoreDataStackTests.swift */ = {isa = PBXFileReference; lastKnownFileType = sourcecode.swift; path = CoreDataStackTests.swift; sourceTree = "<group>"; };
		A74A16B9239C161A00E60176 /* CoreDataAdapterTests.swift */ = {isa = PBXFileReference; lastKnownFileType = sourcecode.swift; path = CoreDataAdapterTests.swift; sourceTree = "<group>"; };
		A7525B572392F80700AD8587 /* StartAppViewController.swift */ = {isa = PBXFileReference; lastKnownFileType = sourcecode.swift; name = StartAppViewController.swift; path = ../StartAppViewController.swift; sourceTree = "<group>"; };
		A7525B59239301DA00AD8587 /* LogOutCommand.swift */ = {isa = PBXFileReference; lastKnownFileType = sourcecode.swift; path = LogOutCommand.swift; sourceTree = "<group>"; };
		A7525B6323942D8600AD8587 /* EndPointTypeProtocol.swift */ = {isa = PBXFileReference; lastKnownFileType = sourcecode.swift; path = EndPointTypeProtocol.swift; sourceTree = "<group>"; };
		A7525B6523942E4500AD8587 /* HTTPMethod.swift */ = {isa = PBXFileReference; lastKnownFileType = sourcecode.swift; path = HTTPMethod.swift; sourceTree = "<group>"; };
		A7525B6723942E9C00AD8587 /* HTTPTask.swift */ = {isa = PBXFileReference; lastKnownFileType = sourcecode.swift; path = HTTPTask.swift; sourceTree = "<group>"; };
		A7525B6923942F7400AD8587 /* ParameterEncodingProtocol.swift */ = {isa = PBXFileReference; lastKnownFileType = sourcecode.swift; path = ParameterEncodingProtocol.swift; sourceTree = "<group>"; };
		A7525B6B239430C100AD8587 /* URLParameterEncoder.swift */ = {isa = PBXFileReference; lastKnownFileType = sourcecode.swift; path = URLParameterEncoder.swift; sourceTree = "<group>"; };
		A7525B6D2394327000AD8587 /* JSONParameterEncoder.swift */ = {isa = PBXFileReference; lastKnownFileType = sourcecode.swift; path = JSONParameterEncoder.swift; sourceTree = "<group>"; };
		A7525B6F2394336400AD8587 /* NetworkRouterProtocol.swift */ = {isa = PBXFileReference; lastKnownFileType = sourcecode.swift; path = NetworkRouterProtocol.swift; sourceTree = "<group>"; };
		A7525B712394346200AD8587 /* Router.swift */ = {isa = PBXFileReference; lastKnownFileType = sourcecode.swift; path = Router.swift; sourceTree = "<group>"; };
		A7525B7D2394444300AD8587 /* GitHubEndPoint.swift */ = {isa = PBXFileReference; lastKnownFileType = sourcecode.swift; path = GitHubEndPoint.swift; sourceTree = "<group>"; };
		A7525B7F239447A200AD8587 /* GitHubNetworkManager.swift */ = {isa = PBXFileReference; lastKnownFileType = sourcecode.swift; path = GitHubNetworkManager.swift; sourceTree = "<group>"; };
		A7525B8123945D3200AD8587 /* LoginModel.swift */ = {isa = PBXFileReference; lastKnownFileType = sourcecode.swift; path = LoginModel.swift; sourceTree = "<group>"; };
		A7664F71239E57CB00B827BB /* SettingsPresenterTests.swift */ = {isa = PBXFileReference; lastKnownFileType = sourcecode.swift; path = SettingsPresenterTests.swift; sourceTree = "<group>"; };
		A77404ED239110E90038851E /* Registration.swift */ = {isa = PBXFileReference; lastKnownFileType = sourcecode.swift; path = Registration.swift; sourceTree = "<group>"; };
		A77404F923912FFC0038851E /* UserDefExt.swift */ = {isa = PBXFileReference; lastKnownFileType = sourcecode.swift; path = UserDefExt.swift; sourceTree = "<group>"; };
		A774053A23918FE60038851E /* repo.xib */ = {isa = PBXFileReference; lastKnownFileType = file.xib; path = repo.xib; sourceTree = "<group>"; };
		A7751773239BBA1700716795 /* GitHubEndPointTests.swift */ = {isa = PBXFileReference; lastKnownFileType = sourcecode.swift; path = GitHubEndPointTests.swift; sourceTree = "<group>"; };
		A7751777239BC7BF00716795 /* FirebaseEndPointTests.swift */ = {isa = PBXFileReference; lastKnownFileType = sourcecode.swift; path = FirebaseEndPointTests.swift; sourceTree = "<group>"; };
		A775177A239BCD1700716795 /* LoaderTests.swift */ = {isa = PBXFileReference; lastKnownFileType = sourcecode.swift; path = LoaderTests.swift; sourceTree = "<group>"; };
		A77763732396F089007859CA /* DiamondLoad.swift */ = {isa = PBXFileReference; fileEncoding = 4; lastKnownFileType = sourcecode.swift; path = DiamondLoad.swift; sourceTree = "<group>"; };
		A77763762397BB10007859CA /* NetworkManagerProtocol.swift */ = {isa = PBXFileReference; lastKnownFileType = sourcecode.swift; path = NetworkManagerProtocol.swift; sourceTree = "<group>"; };
		A77763792397BDF9007859CA /* EventModel.swift */ = {isa = PBXFileReference; lastKnownFileType = sourcecode.swift; path = EventModel.swift; sourceTree = "<group>"; };
		A777637C2397C7E1007859CA /* BranchModel.swift */ = {isa = PBXFileReference; lastKnownFileType = sourcecode.swift; path = BranchModel.swift; sourceTree = "<group>"; };
		A777637F2398190C007859CA /* ViewWithCustomTableTableViewCellDelegate.swift */ = {isa = PBXFileReference; lastKnownFileType = sourcecode.swift; path = ViewWithCustomTableTableViewCellDelegate.swift; sourceTree = "<group>"; };
		A777638323983711007859CA /* LoginSettingsTableViewCell.swift */ = {isa = PBXFileReference; lastKnownFileType = sourcecode.swift; path = LoginSettingsTableViewCell.swift; sourceTree = "<group>"; };
		A7776386239838F1007859CA /* LogoutSettingsTableViewCell.swift */ = {isa = PBXFileReference; lastKnownFileType = sourcecode.swift; name = LogoutSettingsTableViewCell.swift; path = ../../LogoutSettingsTableViewCell.swift; sourceTree = "<group>"; };
		A785A77D2396A73B0040D4CD /* ProjectForUploadToBack.swift */ = {isa = PBXFileReference; lastKnownFileType = sourcecode.swift; path = ProjectForUploadToBack.swift; sourceTree = "<group>"; };
		A78A3702239C308300A68BF0 /* RouterTests.swift */ = {isa = PBXFileReference; lastKnownFileType = sourcecode.swift; path = RouterTests.swift; sourceTree = "<group>"; };
		A796F3342395AB4D007D7E51 /* RepositoriesTableViewCell.swift */ = {isa = PBXFileReference; lastKnownFileType = sourcecode.swift; path = RepositoriesTableViewCell.swift; sourceTree = "<group>"; };
		A7A5DE6B23953CD4004271D9 /* URLParameterEncoderTests.swift */ = {isa = PBXFileReference; lastKnownFileType = sourcecode.swift; path = URLParameterEncoderTests.swift; sourceTree = "<group>"; };
		A7A5DE6D239577CD004271D9 /* JSONParameterEncoderTests.swift */ = {isa = PBXFileReference; lastKnownFileType = sourcecode.swift; path = JSONParameterEncoderTests.swift; sourceTree = "<group>"; };
		A7A5DE6F239592C2004271D9 /* SomeUrlWebViewController.swift */ = {isa = PBXFileReference; lastKnownFileType = sourcecode.swift; path = SomeUrlWebViewController.swift; sourceTree = "<group>"; };
		A7B405DE239950610092AD85 /* CoreDataStack.swift */ = {isa = PBXFileReference; lastKnownFileType = sourcecode.swift; path = CoreDataStack.swift; sourceTree = "<group>"; };
		A7B405E52399510E0092AD85 /* GitRepoCoreData.xcdatamodel */ = {isa = PBXFileReference; lastKnownFileType = wrapper.xcdatamodel; path = GitRepoCoreData.xcdatamodel; sourceTree = "<group>"; };
		A7B405EB239955D60092AD85 /* MOProject.swift */ = {isa = PBXFileReference; lastKnownFileType = sourcecode.swift; path = MOProject.swift; sourceTree = "<group>"; };
		A7B405F323995C380092AD85 /* MOTask.swift */ = {isa = PBXFileReference; lastKnownFileType = sourcecode.swift; path = MOTask.swift; sourceTree = "<group>"; };
		A7B405F623996D1F0092AD85 /* MOAuthor.swift */ = {isa = PBXFileReference; lastKnownFileType = sourcecode.swift; path = MOAuthor.swift; sourceTree = "<group>"; };
		A7B405F823996DAD0092AD85 /* MOBranch.swift */ = {isa = PBXFileReference; lastKnownFileType = sourcecode.swift; path = MOBranch.swift; sourceTree = "<group>"; };
		A7B405FA23996E860092AD85 /* MORepository.swift */ = {isa = PBXFileReference; lastKnownFileType = sourcecode.swift; path = MORepository.swift; sourceTree = "<group>"; };
		A7B4060423996F570092AD85 /* MOCollaborator.swift */ = {isa = PBXFileReference; lastKnownFileType = sourcecode.swift; path = MOCollaborator.swift; sourceTree = "<group>"; };
		A7B4060723996FEE0092AD85 /* MOCommit.swift */ = {isa = PBXFileReference; lastKnownFileType = sourcecode.swift; path = MOCommit.swift; sourceTree = "<group>"; };
		A7B4060A239979950092AD85 /* CoreDataAdapter.swift */ = {isa = PBXFileReference; lastKnownFileType = sourcecode.swift; path = CoreDataAdapter.swift; sourceTree = "<group>"; };
		A7B4060D239982960092AD85 /* ManagedObjectFromCoreDataService.swift */ = {isa = PBXFileReference; lastKnownFileType = sourcecode.swift; path = ManagedObjectFromCoreDataService.swift; sourceTree = "<group>"; };
		A7B40611239A886C0092AD85 /* Loader.swift */ = {isa = PBXFileReference; lastKnownFileType = sourcecode.swift; name = Loader.swift; path = ../../ViewControllers/Loader.swift; sourceTree = "<group>"; };
		A7B481E4239260A500AFA19E /* ProjectViewController.swift */ = {isa = PBXFileReference; lastKnownFileType = sourcecode.swift; path = ProjectViewController.swift; sourceTree = "<group>"; };
		A7B481E62392643600AFA19E /* DescriptionTableViewCell.swift */ = {isa = PBXFileReference; lastKnownFileType = sourcecode.swift; path = DescriptionTableViewCell.swift; sourceTree = "<group>"; };
		A7B481E82392705600AFA19E /* RepoTableViewCell.swift */ = {isa = PBXFileReference; lastKnownFileType = sourcecode.swift; path = RepoTableViewCell.swift; sourceTree = "<group>"; };
		A7B481EA239271A100AFA19E /* CollaboratorsTableViewCell.swift */ = {isa = PBXFileReference; lastKnownFileType = sourcecode.swift; path = CollaboratorsTableViewCell.swift; sourceTree = "<group>"; };
		A7B481EC2392725400AFA19E /* TasksTableViewCell.swift */ = {isa = PBXFileReference; lastKnownFileType = sourcecode.swift; path = TasksTableViewCell.swift; sourceTree = "<group>"; };
		A7B481EE2392C26B00AFA19E /* SettingsViewController.swift */ = {isa = PBXFileReference; lastKnownFileType = sourcecode.swift; path = SettingsViewController.swift; sourceTree = "<group>"; };
		A7B71FAF239C36AA00218CEB /* RepositoriesBaseTests.swift */ = {isa = PBXFileReference; lastKnownFileType = sourcecode.swift; path = RepositoriesBaseTests.swift; sourceTree = "<group>"; };
		A7B71FB2239C3F7C00218CEB /* CommitModel.swift */ = {isa = PBXFileReference; lastKnownFileType = sourcecode.swift; path = CommitModel.swift; sourceTree = "<group>"; };
		A7B71FB9239C440500218CEB /* ViewWithCustomTableTableViewCellTests.swift */ = {isa = PBXFileReference; lastKnownFileType = sourcecode.swift; path = ViewWithCustomTableTableViewCellTests.swift; sourceTree = "<group>"; };
		A7F55052239BD36E0035B807 /* StartViewPresenter.swift */ = {isa = PBXFileReference; lastKnownFileType = sourcecode.swift; name = StartViewPresenter.swift; path = ../StartViewPresenter.swift; sourceTree = "<group>"; };
		A7F55065239BEE0C0035B807 /* StartViewPresenterTests.swift */ = {isa = PBXFileReference; lastKnownFileType = sourcecode.swift; name = StartViewPresenterTests.swift; path = ../../StartViewPresenterTests.swift; sourceTree = "<group>"; };
		A7FE0683238BE7F30093F07A /* GitRepo.app */ = {isa = PBXFileReference; explicitFileType = wrapper.application; includeInIndex = 0; path = GitRepo.app; sourceTree = BUILT_PRODUCTS_DIR; };
		A7FE0686238BE7F30093F07A /* AppDelegate.swift */ = {isa = PBXFileReference; lastKnownFileType = sourcecode.swift; path = AppDelegate.swift; sourceTree = "<group>"; };
		A7FE068D238BE7F40093F07A /* Assets.xcassets */ = {isa = PBXFileReference; lastKnownFileType = folder.assetcatalog; path = Assets.xcassets; sourceTree = "<group>"; };
		A7FE0690238BE7F40093F07A /* Base */ = {isa = PBXFileReference; lastKnownFileType = file.storyboard; name = Base; path = Base.lproj/LaunchScreen.storyboard; sourceTree = "<group>"; };
		A7FE0692238BE7F40093F07A /* Info.plist */ = {isa = PBXFileReference; lastKnownFileType = text.plist.xml; path = Info.plist; sourceTree = "<group>"; };
		A7FE069A238BF0E20093F07A /* RepositoriesTableViewController.swift */ = {isa = PBXFileReference; lastKnownFileType = sourcecode.swift; path = RepositoriesTableViewController.swift; sourceTree = "<group>"; };
		A7FE069C238BF1B30093F07A /* RepoViewController.swift */ = {isa = PBXFileReference; lastKnownFileType = sourcecode.swift; path = RepoViewController.swift; sourceTree = "<group>"; };
		A7FE069E238BF3510093F07A /* RootViewController.swift */ = {isa = PBXFileReference; lastKnownFileType = sourcecode.swift; path = RootViewController.swift; sourceTree = "<group>"; };
		A7FE06A0238BF4540093F07A /* BaseTabBarController.swift */ = {isa = PBXFileReference; lastKnownFileType = sourcecode.swift; path = BaseTabBarController.swift; sourceTree = "<group>"; };
		A7FE06AA238C46880093F07A /* ProjectModel.swift */ = {isa = PBXFileReference; lastKnownFileType = sourcecode.swift; path = ProjectModel.swift; sourceTree = "<group>"; };
		A7FE06AC238C49F20093F07A /* RepositoryModel.swift */ = {isa = PBXFileReference; lastKnownFileType = sourcecode.swift; path = RepositoryModel.swift; sourceTree = "<group>"; };
		A7FE06B4238D90600093F07A /* GitRepoTests.xctest */ = {isa = PBXFileReference; explicitFileType = wrapper.cfbundle; includeInIndex = 0; path = GitRepoTests.xctest; sourceTree = BUILT_PRODUCTS_DIR; };
		A7FE06B8238D90610093F07A /* Info.plist */ = {isa = PBXFileReference; lastKnownFileType = text.plist.xml; path = Info.plist; sourceTree = "<group>"; };
/* End PBXFileReference section */

/* Begin PBXFrameworksBuildPhase section */
		A7FE0680238BE7F30093F07A /* Frameworks */ = {
			isa = PBXFrameworksBuildPhase;
			buildActionMask = 2147483647;
			files = (
			);
			runOnlyForDeploymentPostprocessing = 0;
		};
		A7FE06B1238D90600093F07A /* Frameworks */ = {
			isa = PBXFrameworksBuildPhase;
			buildActionMask = 2147483647;
			files = (
			);
			runOnlyForDeploymentPostprocessing = 0;
		};
/* End PBXFrameworksBuildPhase section */

/* Begin PBXGroup section */
		A70A4629239C6B6B005325C7 /* ViewControllersTests */ = {
			isa = PBXGroup;
			children = (
				A7282A41239E57470055A12A /* StartAppViewTests */,
				A7282A3F239E56EE0055A12A /* SettingsViewTests */,
				A70A4639239D2ACF005325C7 /* LogOutCommandTests.swift */,
				A70A464B239D3E6A005325C7 /* LogoutSettingsTableViewCellTests.swift */,
				A70A4644239D3705005325C7 /* ProjectViewController */,
				A70A4652239D4815005325C7 /* OwnerAndViewButtonTableViewCellTests.swift */,
				A70A4657239D4FA7005325C7 /* RepositoryCollaboratorsTableViewCellTests.swift */,
				A70A4659239D50E2005325C7 /* SegmentCommitsBranchesTableViewCellTests.swift */,
			);
			path = ViewControllersTests;
			sourceTree = "<group>";
		};
		A70A462A239D0092005325C7 /* Manager */ = {
			isa = PBXGroup;
			children = (
				A775177A239BCD1700716795 /* LoaderTests.swift */,
				A70A462B239D01AF005325C7 /* GitHubNetworkManagerTests.swift */,
				A70A462F239D157D005325C7 /* FirebaseNetworkManagerTests.swift */,
				A70A462D239D01C4005325C7 /* MockUrlSession.swift */,
			);
			path = Manager;
			sourceTree = "<group>";
		};
		A70A4633239D2092005325C7 /* GitHubModels */ = {
			isa = PBXGroup;
			children = (
				A7B71FAF239C36AA00218CEB /* RepositoriesBaseTests.swift */,
				A70A4631239D18D3005325C7 /* CommitModelTests.swift */,
			);
			path = GitHubModels;
			sourceTree = "<group>";
		};
		A70A4638239D29AC005325C7 /* FirebaseModels */ = {
			isa = PBXGroup;
			children = (
				A70A4634239D21AF005325C7 /* ProjectBaseTests.swift */,
				A70A4636239D27BC005325C7 /* ProjectModelTests.swift */,
			);
			path = FirebaseModels;
			sourceTree = "<group>";
		};
		A70A4644239D3705005325C7 /* ProjectViewController */ = {
			isa = PBXGroup;
			children = (
				A70A463F239D305A005325C7 /* ProjectsTableViewControllerTests.swift */,
				A70A464F239D44BE005325C7 /* ProjectViewControllerTests.swift */,
				A70A4649239D3B94005325C7 /* Cells */,
			);
			path = ProjectViewController;
			sourceTree = "<group>";
		};
		A70A4649239D3B94005325C7 /* Cells */ = {
			isa = PBXGroup;
			children = (
				A70A4642239D344C005325C7 /* DescriptionTableViewCellTests.swift */,
				A70A4645239D3731005325C7 /* RepoTableCellTests.swift */,
				A70A4647239D39DA005325C7 /* CollaboratorsTableViewCellTests.swift */,
				A7B71FB9239C440500218CEB /* ViewWithCustomTableTableViewCellTests.swift */,
				A70A464D239D4098005325C7 /* TasksTableViewCellTests.swift */,
			);
			path = Cells;
			sourceTree = "<group>";
		};
		A70A464A239D3B9D005325C7 /* Cells */ = {
			isa = PBXGroup;
			children = (
				A7B481E62392643600AFA19E /* DescriptionTableViewCell.swift */,
				A7B481E82392705600AFA19E /* RepoTableViewCell.swift */,
				A7B481EA239271A100AFA19E /* CollaboratorsTableViewCell.swift */,
				A7B481EC2392725400AFA19E /* TasksTableViewCell.swift */,
				A777637F2398190C007859CA /* ViewWithCustomTableTableViewCellDelegate.swift */,
			);
			path = Cells;
			sourceTree = "<group>";
		};
		A70A4651239D47F4005325C7 /* Cells */ = {
			isa = PBXGroup;
			children = (
				A73FC69A2396CFE6000F9F5C /* OwnerAndViewButtonTableViewCell.swift */,
				A73FC6A02396DADC000F9F5C /* RepositoryCollaboratorsTableViewCell.swift */,
				A70A4654239D4AA0005325C7 /* CollaboratorsTableViewController.swift */,
				A73FC69D2396D66B000F9F5C /* SegmentCommitsBranchesTableViewCell.swift */,
			);
			path = Cells;
			sourceTree = "<group>";
		};
		A7282A30239E33520055A12A /* View */ = {
			isa = PBXGroup;
			children = (
				A7525B572392F80700AD8587 /* StartAppViewController.swift */,
			);
			path = View;
			sourceTree = "<group>";
		};
		A7282A31239E33630055A12A /* Presenter */ = {
			isa = PBXGroup;
			children = (
				A7F55052239BD36E0035B807 /* StartViewPresenter.swift */,
			);
			path = Presenter;
			sourceTree = "<group>";
		};
		A7282A34239E36F40055A12A /* Presenter */ = {
			isa = PBXGroup;
			children = (
				A7282A32239E35490055A12A /* SettingsPresenter.swift */,
			);
			path = Presenter;
			sourceTree = "<group>";
		};
		A7282A36239E38830055A12A /* View */ = {
			isa = PBXGroup;
			children = (
				A7B481EE2392C26B00AFA19E /* SettingsViewController.swift */,
				A7282A37239E388D0055A12A /* Cells */,
			);
			path = View;
			sourceTree = "<group>";
		};
		A7282A37239E388D0055A12A /* Cells */ = {
			isa = PBXGroup;
			children = (
				A777638323983711007859CA /* LoginSettingsTableViewCell.swift */,
				A7776386239838F1007859CA /* LogoutSettingsTableViewCell.swift */,
			);
			path = Cells;
			sourceTree = "<group>";
		};
		A7282A39239E40700055A12A /* Presenter */ = {
			isa = PBXGroup;
			children = (
				A7F55065239BEE0C0035B807 /* StartViewPresenterTests.swift */,
			);
			name = Presenter;
			path = ../../StartAppView/Presenter;
			sourceTree = "<group>";
		};
		A7282A3C239E40F30055A12A /* View */ = {
			isa = PBXGroup;
			children = (
				A7282A3A239E40970055A12A /* StartAppViewControllerTests.swift */,
			);
			name = View;
			path = ../../StartAppView/View;
			sourceTree = "<group>";
		};
		A7282A3F239E56EE0055A12A /* SettingsViewTests */ = {
			isa = PBXGroup;
			children = (
				A7664F74239E5B5500B827BB /* View */,
				A7664F73239E5B4F00B827BB /* Presenter */,
			);
			path = SettingsViewTests;
			sourceTree = "<group>";
		};
		A7282A41239E57470055A12A /* StartAppViewTests */ = {
			isa = PBXGroup;
			children = (
				A7282A3D239E53220055A12A /* Mock.swift */,
				A7282A39239E40700055A12A /* Presenter */,
				A7282A3C239E40F30055A12A /* View */,
			);
			path = StartAppViewTests;
			sourceTree = "<group>";
		};
		A73FC6962396CAC5000F9F5C /* ViewControllers */ = {
			isa = PBXGroup;
			children = (
				A7282A2C239E2F7E0055A12A /* Builder.swift */,
				A7FE069E238BF3510093F07A /* RootViewController.swift */,
				A7F55055239BD62B0035B807 /* StartAppView */,
				A7776382239836E9007859CA /* SettingsView */,
				A7525B59239301DA00AD8587 /* LogOutCommand.swift */,
				A7FE06A0238BF4540093F07A /* BaseTabBarController.swift */,
				A77404ED239110E90038851E /* Registration.swift */,
				A7A5DE6F239592C2004271D9 /* SomeUrlWebViewController.swift */,
				A7FE06A2238BFAE20093F07A /* Project */,
				A7FE06A3238BFAEF0093F07A /* Repo */,
			);
			path = ViewControllers;
			sourceTree = "<group>";
		};
		A73FC6972396CAF2000F9F5C /* Service */ = {
			isa = PBXGroup;
			children = (
				A7FE0686238BE7F30093F07A /* AppDelegate.swift */,
				A77404F923912FFC0038851E /* UserDefExt.swift */,
			);
			path = Service;
			sourceTree = "<group>";
		};
		A73FC6982396CBF6000F9F5C /* ProjectViewController */ = {
			isa = PBXGroup;
			children = (
				A7B481E4239260A500AFA19E /* ProjectViewController.swift */,
				A70A464A239D3B9D005325C7 /* Cells */,
			);
			path = ProjectViewController;
			sourceTree = "<group>";
		};
		A73FC6992396CC13000F9F5C /* RepositoriesTableViewController */ = {
			isa = PBXGroup;
			children = (
				A7FE069A238BF0E20093F07A /* RepositoriesTableViewController.swift */,
				A796F3342395AB4D007D7E51 /* RepositoriesTableViewCell.swift */,
			);
			path = RepositoriesTableViewController;
			sourceTree = "<group>";
		};
		A7495FCB2396837B00C120DC /* GitHub */ = {
			isa = PBXGroup;
			children = (
				A7495FC823967A7100C120DC /* RepositoriesBase.swift */,
				A7FE06AC238C49F20093F07A /* RepositoryModel.swift */,
				A7525B8123945D3200AD8587 /* LoginModel.swift */,
				A77763792397BDF9007859CA /* EventModel.swift */,
				A7B71FB2239C3F7C00218CEB /* CommitModel.swift */,
				A777637C2397C7E1007859CA /* BranchModel.swift */,
			);
			path = GitHub;
			sourceTree = "<group>";
		};
		A7495FCC2396838500C120DC /* FireBase */ = {
			isa = PBXGroup;
			children = (
				A7495FCD2396839500C120DC /* ProjectsBase.swift */,
				A7FE06AA238C46880093F07A /* ProjectModel.swift */,
				A785A77D2396A73B0040D4CD /* ProjectForUploadToBack.swift */,
			);
			path = FireBase;
			sourceTree = "<group>";
		};
		A74A16B3239C111900E60176 /* CoreDataTests */ = {
			isa = PBXGroup;
			children = (
				A74A16B4239C112500E60176 /* CoreDataStack */,
				A74A16B9239C161A00E60176 /* CoreDataAdapterTests.swift */,
			);
			path = CoreDataTests;
			sourceTree = "<group>";
		};
		A74A16B4239C112500E60176 /* CoreDataStack */ = {
			isa = PBXGroup;
			children = (
				A74A16B5239C113900E60176 /* CoreDataStackTests.swift */,
			);
			path = CoreDataStack;
			sourceTree = "<group>";
		};
		A7525B5C23942D1000AD8587 /* Model */ = {
			isa = PBXGroup;
			children = (
				A7495FCB2396837B00C120DC /* GitHub */,
				A7495FCC2396838500C120DC /* FireBase */,
			);
			path = Model;
			sourceTree = "<group>";
		};
		A7525B5E23942D2000AD8587 /* Networking */ = {
			isa = PBXGroup;
			children = (
				A7525B6223942D6B00AD8587 /* Encoding */,
				A7525B5F23942D2E00AD8587 /* EndPoint */,
				A7525B6023942D3C00AD8587 /* Manager */,
				A7525B6123942D4600AD8587 /* Service */,
			);
			path = Networking;
			sourceTree = "<group>";
		};
		A7525B5F23942D2E00AD8587 /* EndPoint */ = {
			isa = PBXGroup;
			children = (
				A7525B7D2394444300AD8587 /* GitHubEndPoint.swift */,
				A7495FC2239655F400C120DC /* FirebaseEndPoint.swift */,
			);
			path = EndPoint;
			sourceTree = "<group>";
		};
		A7525B6023942D3C00AD8587 /* Manager */ = {
			isa = PBXGroup;
			children = (
				A7B40611239A886C0092AD85 /* Loader.swift */,
				A77763762397BB10007859CA /* NetworkManagerProtocol.swift */,
				A7525B7F239447A200AD8587 /* GitHubNetworkManager.swift */,
				A7495FC4239670A200C120DC /* FirebaseNetworkManager.swift */,
			);
			path = Manager;
			sourceTree = "<group>";
		};
		A7525B6123942D4600AD8587 /* Service */ = {
			isa = PBXGroup;
			children = (
				A7525B6323942D8600AD8587 /* EndPointTypeProtocol.swift */,
				A7525B6523942E4500AD8587 /* HTTPMethod.swift */,
				A7525B6723942E9C00AD8587 /* HTTPTask.swift */,
				A7525B6F2394336400AD8587 /* NetworkRouterProtocol.swift */,
				A7525B712394346200AD8587 /* Router.swift */,
			);
			path = Service;
			sourceTree = "<group>";
		};
		A7525B6223942D6B00AD8587 /* Encoding */ = {
			isa = PBXGroup;
			children = (
				A7525B6923942F7400AD8587 /* ParameterEncodingProtocol.swift */,
				A7525B6B239430C100AD8587 /* URLParameterEncoder.swift */,
				A7525B6D2394327000AD8587 /* JSONParameterEncoder.swift */,
			);
			path = Encoding;
			sourceTree = "<group>";
		};
		A7664F73239E5B4F00B827BB /* Presenter */ = {
			isa = PBXGroup;
			children = (
				A7664F71239E57CB00B827BB /* SettingsPresenterTests.swift */,
			);
			path = Presenter;
			sourceTree = "<group>";
		};
		A7664F74239E5B5500B827BB /* View */ = {
			isa = PBXGroup;
			children = (
				A70A463B239D2D43005325C7 /* SettingsViewControllerTests.swift */,
			);
			path = View;
			sourceTree = "<group>";
		};
		A7751772239BB9F800716795 /* EncodingTests */ = {
			isa = PBXGroup;
			children = (
				A7A5DE6B23953CD4004271D9 /* URLParameterEncoderTests.swift */,
				A7A5DE6D239577CD004271D9 /* JSONParameterEncoderTests.swift */,
			);
			path = EncodingTests;
			sourceTree = "<group>";
		};
		A7751776239BBA2700716795 /* EndPointTests */ = {
			isa = PBXGroup;
			children = (
				A7751773239BBA1700716795 /* GitHubEndPointTests.swift */,
				A7751777239BC7BF00716795 /* FirebaseEndPointTests.swift */,
			);
			path = EndPointTests;
			sourceTree = "<group>";
		};
		A77763722396F089007859CA /* Animation */ = {
			isa = PBXGroup;
			children = (
				A77763732396F089007859CA /* DiamondLoad.swift */,
			);
			path = Animation;
			sourceTree = "<group>";
		};
		A7776382239836E9007859CA /* SettingsView */ = {
			isa = PBXGroup;
			children = (
				A7282A36239E38830055A12A /* View */,
				A7282A34239E36F40055A12A /* Presenter */,
			);
			path = SettingsView;
			sourceTree = "<group>";
		};
		A78A36FD239C2A6E00A68BF0 /* NetworkingTests */ = {
			isa = PBXGroup;
			children = (
				A7751772239BB9F800716795 /* EncodingTests */,
				A7751776239BBA2700716795 /* EndPointTests */,
				A70A462A239D0092005325C7 /* Manager */,
				A78A3702239C308300A68BF0 /* RouterTests.swift */,
				A7B71FB1239C3D1300218CEB /* ModelsTests */,
			);
			path = NetworkingTests;
			sourceTree = "<group>";
		};
		A78A36FE239C2E0000A68BF0 /* Service */ = {
			isa = PBXGroup;
			children = (
				A70A4623239C6279005325C7 /* FakeAppDelegate.swift */,
				A70A465B239D786B005325C7 /* UserDefaultsTests.swift */,
			);
			path = Service;
			sourceTree = "<group>";
		};
		A7A1E80D239AE6C400FAE25E /* ProjectsTableViewController */ = {
			isa = PBXGroup;
			children = (
				A70A463D239D2FC4005325C7 /* ProjectsTableViewController.swift */,
				A742042D239AE28D009D344F /* ProjectTableViewCell.swift */,
			);
			path = ProjectsTableViewController;
			sourceTree = "<group>";
		};
		A7A1E80E239AE6DF00FAE25E /* RepositoryViewController */ = {
			isa = PBXGroup;
			children = (
				A7FE069C238BF1B30093F07A /* RepoViewController.swift */,
				A70A4651239D47F4005325C7 /* Cells */,
			);
			path = RepositoryViewController;
			sourceTree = "<group>";
		};
		A7B405E0239950650092AD85 /* GitRepoCoreData */ = {
			isa = PBXGroup;
			children = (
				A7B405DE239950610092AD85 /* CoreDataStack.swift */,
				A7B405E42399510E0092AD85 /* GitRepoCoreData.xcdatamodeld */,
				A7B405ED239956F40092AD85 /* ManagedObjectModels */,
				A7B40609239971260092AD85 /* MOservice */,
			);
			path = GitRepoCoreData;
			sourceTree = "<group>";
		};
		A7B405ED239956F40092AD85 /* ManagedObjectModels */ = {
			isa = PBXGroup;
			children = (
				A7B405F623996D1F0092AD85 /* MOAuthor.swift */,
				A7B405F823996DAD0092AD85 /* MOBranch.swift */,
				A7B4060423996F570092AD85 /* MOCollaborator.swift */,
				A7B4060723996FEE0092AD85 /* MOCommit.swift */,
				A7B405EB239955D60092AD85 /* MOProject.swift */,
				A7B405FA23996E860092AD85 /* MORepository.swift */,
				A7B405F323995C380092AD85 /* MOTask.swift */,
			);
			path = ManagedObjectModels;
			sourceTree = "<group>";
		};
		A7B40609239971260092AD85 /* MOservice */ = {
			isa = PBXGroup;
			children = (
				A7B4060D239982960092AD85 /* ManagedObjectFromCoreDataService.swift */,
				A7B4060A239979950092AD85 /* CoreDataAdapter.swift */,
			);
			name = MOservice;
			path = MOService.temp_caseinsensitive_rename.;
			sourceTree = "<group>";
		};
		A7B71FB1239C3D1300218CEB /* ModelsTests */ = {
			isa = PBXGroup;
			children = (
				A70A4633239D2092005325C7 /* GitHubModels */,
				A70A4638239D29AC005325C7 /* FirebaseModels */,
			);
			path = ModelsTests;
			sourceTree = "<group>";
		};
		A7F55055239BD62B0035B807 /* StartAppView */ = {
			isa = PBXGroup;
			children = (
				A7282A30239E33520055A12A /* View */,
				A7282A31239E33630055A12A /* Presenter */,
			);
			path = StartAppView;
			sourceTree = "<group>";
		};
		A7FE067A238BE7F30093F07A = {
			isa = PBXGroup;
			children = (
				A70A4625239C62F4005325C7 /* main.swift */,
				A7FE0685238BE7F30093F07A /* GitRepo */,
				A7FE06B5238D90610093F07A /* GitRepoTests */,
				A7FE0684238BE7F30093F07A /* Products */,
			);
			sourceTree = "<group>";
		};
		A7FE0684238BE7F30093F07A /* Products */ = {
			isa = PBXGroup;
			children = (
				A7FE0683238BE7F30093F07A /* GitRepo.app */,
				A7FE06B4238D90600093F07A /* GitRepoTests.xctest */,
			);
			name = Products;
			sourceTree = "<group>";
		};
		A7FE0685238BE7F30093F07A /* GitRepo */ = {
			isa = PBXGroup;
			children = (
				A7B405E0239950650092AD85 /* GitRepoCoreData */,
				A7525B5E23942D2000AD8587 /* Networking */,
				A7525B5C23942D1000AD8587 /* Model */,
				A77763722396F089007859CA /* Animation */,
				A73FC6962396CAC5000F9F5C /* ViewControllers */,
				A73FC6972396CAF2000F9F5C /* Service */,
				A7FE068D238BE7F40093F07A /* Assets.xcassets */,
				A7FE068F238BE7F40093F07A /* LaunchScreen.storyboard */,
				A7FE0692238BE7F40093F07A /* Info.plist */,
				A774053A23918FE60038851E /* repo.xib */,
			);
			path = GitRepo;
			sourceTree = "<group>";
		};
		A7FE06A2238BFAE20093F07A /* Project */ = {
			isa = PBXGroup;
			children = (
				A7A1E80D239AE6C400FAE25E /* ProjectsTableViewController */,
				A73FC6982396CBF6000F9F5C /* ProjectViewController */,
			);
			path = Project;
			sourceTree = "<group>";
		};
		A7FE06A3238BFAEF0093F07A /* Repo */ = {
			isa = PBXGroup;
			children = (
				A73FC6992396CC13000F9F5C /* RepositoriesTableViewController */,
				A7A1E80E239AE6DF00FAE25E /* RepositoryViewController */,
			);
			path = Repo;
			sourceTree = "<group>";
		};
		A7FE06B5238D90610093F07A /* GitRepoTests */ = {
			isa = PBXGroup;
			children = (
				A78A36FD239C2A6E00A68BF0 /* NetworkingTests */,
				A74A16B3239C111900E60176 /* CoreDataTests */,
				A78A36FE239C2E0000A68BF0 /* Service */,
				A70A4629239C6B6B005325C7 /* ViewControllersTests */,
				A7FE06B8238D90610093F07A /* Info.plist */,
			);
			path = GitRepoTests;
			sourceTree = "<group>";
		};
/* End PBXGroup section */

/* Begin PBXNativeTarget section */
		A7FE0682238BE7F30093F07A /* GitRepo */ = {
			isa = PBXNativeTarget;
			buildConfigurationList = A7FE0695238BE7F40093F07A /* Build configuration list for PBXNativeTarget "GitRepo" */;
			buildPhases = (
				A7FE067F238BE7F30093F07A /* Sources */,
				A7FE0680238BE7F30093F07A /* Frameworks */,
				A7FE0681238BE7F30093F07A /* Resources */,
			);
			buildRules = (
			);
			dependencies = (
			);
			name = GitRepo;
			productName = GitRepo;
			productReference = A7FE0683238BE7F30093F07A /* GitRepo.app */;
			productType = "com.apple.product-type.application";
		};
		A7FE06B3238D90600093F07A /* GitRepoTests */ = {
			isa = PBXNativeTarget;
			buildConfigurationList = A7FE06BD238D90610093F07A /* Build configuration list for PBXNativeTarget "GitRepoTests" */;
			buildPhases = (
				A7FE06B0238D90600093F07A /* Sources */,
				A7FE06B1238D90600093F07A /* Frameworks */,
				A7FE06B2238D90600093F07A /* Resources */,
			);
			buildRules = (
			);
			dependencies = (
				A7FE06BA238D90610093F07A /* PBXTargetDependency */,
			);
			name = GitRepoTests;
			productName = GitRepoTests;
			productReference = A7FE06B4238D90600093F07A /* GitRepoTests.xctest */;
			productType = "com.apple.product-type.bundle.unit-test";
		};
/* End PBXNativeTarget section */

/* Begin PBXProject section */
		A7FE067B238BE7F30093F07A /* Project object */ = {
			isa = PBXProject;
			attributes = {
				LastSwiftUpdateCheck = 1030;
				LastUpgradeCheck = 1030;
				ORGANIZATIONNAME = Viter;
				TargetAttributes = {
					A7FE0682238BE7F30093F07A = {
						CreatedOnToolsVersion = 10.3;
					};
					A7FE06B3238D90600093F07A = {
						CreatedOnToolsVersion = 10.3;
						LastSwiftMigration = 1030;
					};
				};
			};
			buildConfigurationList = A7FE067E238BE7F30093F07A /* Build configuration list for PBXProject "GitRepo" */;
			compatibilityVersion = "Xcode 9.3";
			developmentRegion = en;
			hasScannedForEncodings = 0;
			knownRegions = (
				en,
				Base,
			);
			mainGroup = A7FE067A238BE7F30093F07A;
			productRefGroup = A7FE0684238BE7F30093F07A /* Products */;
			projectDirPath = "";
			projectRoot = "";
			targets = (
				A7FE0682238BE7F30093F07A /* GitRepo */,
				A7FE06B3238D90600093F07A /* GitRepoTests */,
			);
		};
/* End PBXProject section */

/* Begin PBXResourcesBuildPhase section */
		A7FE0681238BE7F30093F07A /* Resources */ = {
			isa = PBXResourcesBuildPhase;
			buildActionMask = 2147483647;
			files = (
				A774053B23918FE60038851E /* repo.xib in Resources */,
				A7FE0691238BE7F40093F07A /* LaunchScreen.storyboard in Resources */,
				A7FE068E238BE7F40093F07A /* Assets.xcassets in Resources */,
			);
			runOnlyForDeploymentPostprocessing = 0;
		};
		A7FE06B2238D90600093F07A /* Resources */ = {
			isa = PBXResourcesBuildPhase;
			buildActionMask = 2147483647;
			files = (
			);
			runOnlyForDeploymentPostprocessing = 0;
		};
/* End PBXResourcesBuildPhase section */

/* Begin PBXSourcesBuildPhase section */
		A7FE067F238BE7F30093F07A /* Sources */ = {
			isa = PBXSourcesBuildPhase;
			buildActionMask = 2147483647;
			files = (
				A7525B5A239301DA00AD8587 /* LogOutCommand.swift in Sources */,
				A70A4627239C6633005325C7 /* main.swift in Sources */,
				A7B405F723996D1F0092AD85 /* MOAuthor.swift in Sources */,
				A7282A33239E35490055A12A /* SettingsPresenter.swift in Sources */,
				A7B405F923996DAD0092AD85 /* MOBranch.swift in Sources */,
				A785A77E2396A73B0040D4CD /* ProjectForUploadToBack.swift in Sources */,
				A7FE06A1238BF4540093F07A /* BaseTabBarController.swift in Sources */,
				A7B71FB3239C3F7C00218CEB /* CommitModel.swift in Sources */,
				A7282A2D239E2F7E0055A12A /* Builder.swift in Sources */,
				A7B481E72392643600AFA19E /* DescriptionTableViewCell.swift in Sources */,
				A7FE069F238BF3510093F07A /* RootViewController.swift in Sources */,
				A7FE06AB238C46880093F07A /* ProjectModel.swift in Sources */,
				A7B4060E239982960092AD85 /* ManagedObjectFromCoreDataService.swift in Sources */,
				A7776387239838F1007859CA /* LogoutSettingsTableViewCell.swift in Sources */,
				A7FE06AD238C49F20093F07A /* RepositoryModel.swift in Sources */,
				A73FC69B2396CFE6000F9F5C /* OwnerAndViewButtonTableViewCell.swift in Sources */,
				A7B481EF2392C26B00AFA19E /* SettingsViewController.swift in Sources */,
				A70A4628239C663F005325C7 /* FakeAppDelegate.swift in Sources */,
				A742042E239AE28D009D344F /* ProjectTableViewCell.swift in Sources */,
				A7B405DF239950610092AD85 /* CoreDataStack.swift in Sources */,
				A7525B80239447A200AD8587 /* GitHubNetworkManager.swift in Sources */,
				A77763802398190C007859CA /* ViewWithCustomTableTableViewCellDelegate.swift in Sources */,
				A73FC6A12396DADC000F9F5C /* RepositoryCollaboratorsTableViewCell.swift in Sources */,
				A77404EE239110E90038851E /* Registration.swift in Sources */,
				A7525B6C239430C100AD8587 /* URLParameterEncoder.swift in Sources */,
				A7B481EB239271A100AFA19E /* CollaboratorsTableViewCell.swift in Sources */,
				A7525B6423942D8600AD8587 /* EndPointTypeProtocol.swift in Sources */,
				A7B4060523996F570092AD85 /* MOCollaborator.swift in Sources */,
				A7A5DE70239592C2004271D9 /* SomeUrlWebViewController.swift in Sources */,
				A7B40612239A886C0092AD85 /* Loader.swift in Sources */,
				A77404FA23912FFC0038851E /* UserDefExt.swift in Sources */,
				A796F3352395AB4D007D7E51 /* RepositoriesTableViewCell.swift in Sources */,
				A7F55053239BD36E0035B807 /* StartViewPresenter.swift in Sources */,
				A70A4655239D4AA0005325C7 /* CollaboratorsTableViewController.swift in Sources */,
				A7495FC3239655F400C120DC /* FirebaseEndPoint.swift in Sources */,
				A7525B702394336400AD8587 /* NetworkRouterProtocol.swift in Sources */,
				A7525B7E2394444300AD8587 /* GitHubEndPoint.swift in Sources */,
				A77763742396F089007859CA /* DiamondLoad.swift in Sources */,
				A7525B6823942E9C00AD8587 /* HTTPTask.swift in Sources */,
				A7B405FB23996E860092AD85 /* MORepository.swift in Sources */,
				A7B405E62399510E0092AD85 /* GitRepoCoreData.xcdatamodeld in Sources */,
				A7B405F423995C380092AD85 /* MOTask.swift in Sources */,
				A70A463E239D2FC4005325C7 /* ProjectsTableViewController.swift in Sources */,
				A7495FCE2396839500C120DC /* ProjectsBase.swift in Sources */,
				A77763772397BB10007859CA /* NetworkManagerProtocol.swift in Sources */,
				A7FE0687238BE7F30093F07A /* AppDelegate.swift in Sources */,
				A7B4060823996FEE0092AD85 /* MOCommit.swift in Sources */,
				A7525B582392F80700AD8587 /* StartAppViewController.swift in Sources */,
				A7525B8223945D3200AD8587 /* LoginModel.swift in Sources */,
				A7525B6A23942F7400AD8587 /* ParameterEncodingProtocol.swift in Sources */,
				A7B405EC239955D60092AD85 /* MOProject.swift in Sources */,
				A7B481ED2392725400AFA19E /* TasksTableViewCell.swift in Sources */,
				A777638423983711007859CA /* LoginSettingsTableViewCell.swift in Sources */,
				A7525B722394346200AD8587 /* Router.swift in Sources */,
				A7495FC5239670A200C120DC /* FirebaseNetworkManager.swift in Sources */,
				A7B481E92392705600AFA19E /* RepoTableViewCell.swift in Sources */,
				A777637A2397BDF9007859CA /* EventModel.swift in Sources */,
				A7FE069D238BF1B30093F07A /* RepoViewController.swift in Sources */,
				A777637D2397C7E1007859CA /* BranchModel.swift in Sources */,
				A7FE069B238BF0E20093F07A /* RepositoriesTableViewController.swift in Sources */,
				A7B4060B239979950092AD85 /* CoreDataAdapter.swift in Sources */,
				A73FC69E2396D66B000F9F5C /* SegmentCommitsBranchesTableViewCell.swift in Sources */,
				A7525B6E2394327000AD8587 /* JSONParameterEncoder.swift in Sources */,
				A7525B6623942E4500AD8587 /* HTTPMethod.swift in Sources */,
				A7495FC923967A7100C120DC /* RepositoriesBase.swift in Sources */,
				A7B481E5239260A500AFA19E /* ProjectViewController.swift in Sources */,
			);
			runOnlyForDeploymentPostprocessing = 0;
		};
		A7FE06B0238D90600093F07A /* Sources */ = {
			isa = PBXSourcesBuildPhase;
			buildActionMask = 2147483647;
			files = (
				A7A5DE5023952341004271D9 /* URLParameterEncoder.swift in Sources */,
				A7A5DE6123952364004271D9 /* TasksTableViewCell.swift in Sources */,
				A7B405FF23996EE20092AD85 /* MOAuthor.swift in Sources */,
				A70A462C239D01AF005325C7 /* GitHubNetworkManagerTests.swift in Sources */,
				A7B4060023996EE20092AD85 /* MOBranch.swift in Sources */,
				A7F55066239BEE0C0035B807 /* StartViewPresenterTests.swift in Sources */,
				A78A3703239C308300A68BF0 /* RouterTests.swift in Sources */,
				A7495FCF239683AC00C120DC /* ProjectsBase.swift in Sources */,
				A70A465C239D786B005325C7 /* UserDefaultsTests.swift in Sources */,
				A70A4624239C6279005325C7 /* FakeAppDelegate.swift in Sources */,
				A7B405E8239953440092AD85 /* CoreDataStack.swift in Sources */,
				A7A5DE6323952369004271D9 /* RepoViewController.swift in Sources */,
				A70A4640239D305A005325C7 /* ProjectsTableViewControllerTests.swift in Sources */,
				A77763752396F0B1007859CA /* DiamondLoad.swift in Sources */,
				A7A5DE6023952364004271D9 /* CollaboratorsTableViewCell.swift in Sources */,
				A7B40613239A8BA30092AD85 /* Loader.swift in Sources */,
				A7A5DE6723952389004271D9 /* Router.swift in Sources */,
				A70A4653239D4815005325C7 /* OwnerAndViewButtonTableViewCellTests.swift in Sources */,
				A7A5DE652395236F004271D9 /* LogOutCommand.swift in Sources */,
				A73FC6A42396DBBF000F9F5C /* RepositoryCollaboratorsTableViewCell.swift in Sources */,
				A7A5DE5F23952364004271D9 /* RepoTableViewCell.swift in Sources */,
				A70A4635239D21AF005325C7 /* ProjectBaseTests.swift in Sources */,
				A70A4646239D3731005325C7 /* RepoTableCellTests.swift in Sources */,
				A7282A2F239E325D0055A12A /* Builder.swift in Sources */,
				A777638123981AA9007859CA /* ViewWithCustomTableTableViewCellDelegate.swift in Sources */,
				A7B4060223996EE20092AD85 /* MOTask.swift in Sources */,
				A74A16B6239C113900E60176 /* CoreDataStackTests.swift in Sources */,
				A70A4656239D4AA4005325C7 /* CollaboratorsTableViewController.swift in Sources */,
				A7A5DE5E23952364004271D9 /* DescriptionTableViewCell.swift in Sources */,
				A7751775239BBA1800716795 /* GitHubEndPointTests.swift in Sources */,
				A73FC69F2396D81E000F9F5C /* SegmentCommitsBranchesTableViewCell.swift in Sources */,
				A785A77F2396A7CF0040D4CD /* ProjectForUploadToBack.swift in Sources */,
				A742042F239AE3F4009D344F /* ProjectTableViewCell.swift in Sources */,
				A7B4060123996EE20092AD85 /* MOProject.swift in Sources */,
				A7B405E7239953420092AD85 /* GitRepoCoreData.xcdatamodeld in Sources */,
				A7282A3B239E40970055A12A /* StartAppViewControllerTests.swift in Sources */,
				A7751779239BC7BF00716795 /* FirebaseEndPointTests.swift in Sources */,
				A70A463A239D2ACF005325C7 /* LogOutCommandTests.swift in Sources */,
				A7776388239839BA007859CA /* LogoutSettingsTableViewCell.swift in Sources */,
				A7B71FB4239C3FA500218CEB /* CommitModel.swift in Sources */,
				A7A5DE6623952382004271D9 /* EndPointTypeProtocol.swift in Sources */,
				A73FC69C2396D087000F9F5C /* OwnerAndViewButtonTableViewCell.swift in Sources */,
				A7A5DE532395234A004271D9 /* GitHubNetworkManager.swift in Sources */,
				A7B4060C2399807C0092AD85 /* CoreDataAdapter.swift in Sources */,
				A7282A3E239E53220055A12A /* Mock.swift in Sources */,
				A7A5DE5223952347004271D9 /* GitHubEndPoint.swift in Sources */,
				A70A465A239D50E2005325C7 /* SegmentCommitsBranchesTableViewCellTests.swift in Sources */,
				A7664F72239E57CB00B827BB /* SettingsPresenterTests.swift in Sources */,
				A70A4637239D27BC005325C7 /* ProjectModelTests.swift in Sources */,
				A7B406102399857D0092AD85 /* MOCommit.swift in Sources */,
				A7A5DE6E239577CD004271D9 /* JSONParameterEncoderTests.swift in Sources */,
				A77763782397BB4B007859CA /* NetworkManagerProtocol.swift in Sources */,
				A7495FC72396714A00C120DC /* FirebaseEndPoint.swift in Sources */,
				A70A4641239D31B9005325C7 /* ProjectsTableViewController.swift in Sources */,
				A70A463C239D2D43005325C7 /* SettingsViewControllerTests.swift in Sources */,
				A7A5DE6823952390004271D9 /* HTTPMethod.swift in Sources */,
				A70A462E239D01C4005325C7 /* MockUrlSession.swift in Sources */,
				A7282A35239E37500055A12A /* SettingsPresenter.swift in Sources */,
				A7776385239837DE007859CA /* LoginSettingsTableViewCell.swift in Sources */,
				A7B4060F239982CB0092AD85 /* ManagedObjectFromCoreDataService.swift in Sources */,
				A7A5DE4F23952341004271D9 /* ParameterEncodingProtocol.swift in Sources */,
				A7A5DE6C23953CD4004271D9 /* URLParameterEncoderTests.swift in Sources */,
				A70A4658239D4FA7005325C7 /* RepositoryCollaboratorsTableViewCellTests.swift in Sources */,
				A7495FCA23967BBD00C120DC /* RepositoriesBase.swift in Sources */,
				A7A5DE6223952369004271D9 /* RepositoriesTableViewController.swift in Sources */,
				A7A5DE5D23952364004271D9 /* ProjectViewController.swift in Sources */,
				A74A16BA239C161A00E60176 /* CoreDataAdapterTests.swift in Sources */,
				A7A5DE5C23952364004271D9 /* ProjectModel.swift in Sources */,
				A7B4060623996F930092AD85 /* MOCollaborator.swift in Sources */,
				A777637E2397C83B007859CA /* BranchModel.swift in Sources */,
				A7B4060323996EE20092AD85 /* MORepository.swift in Sources */,
				A70A464C239D3E6A005325C7 /* LogoutSettingsTableViewCellTests.swift in Sources */,
				A7A5DE6923952390004271D9 /* HTTPTask.swift in Sources */,
				A70A4626239C62F4005325C7 /* main.swift in Sources */,
				A7F55054239BD5110035B807 /* StartViewPresenter.swift in Sources */,
				A7A5DE4B23952306004271D9 /* AppDelegate.swift in Sources */,
				A7A5DE542395234D004271D9 /* RepositoryModel.swift in Sources */,
				A7A5DE4E2395232D004271D9 /* BaseTabBarController.swift in Sources */,
				A70A464E239D4098005325C7 /* TasksTableViewCellTests.swift in Sources */,
				A70A4648239D39DA005325C7 /* CollaboratorsTableViewCellTests.swift in Sources */,
				A796F3362395AD57007D7E51 /* RepositoriesTableViewCell.swift in Sources */,
				A7A5DE552395234F004271D9 /* LoginModel.swift in Sources */,
				A775177B239BCD1700716795 /* LoaderTests.swift in Sources */,
				A7A5DE582395235B004271D9 /* UserDefExt.swift in Sources */,
				A70A4643239D344C005325C7 /* DescriptionTableViewCellTests.swift in Sources */,
				A7A5DE5123952341004271D9 /* JSONParameterEncoder.swift in Sources */,
				A7A5DE6423952369004271D9 /* SettingsViewController.swift in Sources */,
				A796F33323959815007D7E51 /* SomeUrlWebViewController.swift in Sources */,
				A7A5DE4C23952319004271D9 /* RootViewController.swift in Sources */,
				A7A5DE4D23952326004271D9 /* StartAppViewController.swift in Sources */,
				A7B71FB0239C36AA00218CEB /* RepositoriesBaseTests.swift in Sources */,
				A7495FC62396714600C120DC /* FirebaseNetworkManager.swift in Sources */,
				A70A4650239D44BE005325C7 /* ProjectViewControllerTests.swift in Sources */,
				A7A5DE6A23952390004271D9 /* NetworkRouterProtocol.swift in Sources */,
				A70A4632239D18D3005325C7 /* CommitModelTests.swift in Sources */,
				A7B71FBA239C440500218CEB /* ViewWithCustomTableTableViewCellTests.swift in Sources */,
				A777637B2397BE2E007859CA /* EventModel.swift in Sources */,
				A7A5DE5723952357004271D9 /* Registration.swift in Sources */,
				A70A4630239D157D005325C7 /* FirebaseNetworkManagerTests.swift in Sources */,
			);
			runOnlyForDeploymentPostprocessing = 0;
		};
/* End PBXSourcesBuildPhase section */

/* Begin PBXTargetDependency section */
		A7FE06BA238D90610093F07A /* PBXTargetDependency */ = {
			isa = PBXTargetDependency;
			target = A7FE0682238BE7F30093F07A /* GitRepo */;
			targetProxy = A7FE06B9238D90610093F07A /* PBXContainerItemProxy */;
		};
/* End PBXTargetDependency section */

/* Begin PBXVariantGroup section */
		A7FE068F238BE7F40093F07A /* LaunchScreen.storyboard */ = {
			isa = PBXVariantGroup;
			children = (
				A7FE0690238BE7F40093F07A /* Base */,
			);
			name = LaunchScreen.storyboard;
			sourceTree = "<group>";
		};
/* End PBXVariantGroup section */

/* Begin XCBuildConfiguration section */
		A7FE0693238BE7F40093F07A /* Debug */ = {
			isa = XCBuildConfiguration;
			buildSettings = {
				ALWAYS_SEARCH_USER_PATHS = NO;
				CLANG_ANALYZER_NONNULL = YES;
				CLANG_ANALYZER_NUMBER_OBJECT_CONVERSION = YES_AGGRESSIVE;
				CLANG_CXX_LANGUAGE_STANDARD = "gnu++14";
				CLANG_CXX_LIBRARY = "libc++";
				CLANG_ENABLE_MODULES = YES;
				CLANG_ENABLE_OBJC_ARC = YES;
				CLANG_ENABLE_OBJC_WEAK = YES;
				CLANG_WARN_BLOCK_CAPTURE_AUTORELEASING = YES;
				CLANG_WARN_BOOL_CONVERSION = YES;
				CLANG_WARN_COMMA = YES;
				CLANG_WARN_CONSTANT_CONVERSION = YES;
				CLANG_WARN_DEPRECATED_OBJC_IMPLEMENTATIONS = YES;
				CLANG_WARN_DIRECT_OBJC_ISA_USAGE = YES_ERROR;
				CLANG_WARN_DOCUMENTATION_COMMENTS = YES;
				CLANG_WARN_EMPTY_BODY = YES;
				CLANG_WARN_ENUM_CONVERSION = YES;
				CLANG_WARN_INFINITE_RECURSION = YES;
				CLANG_WARN_INT_CONVERSION = YES;
				CLANG_WARN_NON_LITERAL_NULL_CONVERSION = YES;
				CLANG_WARN_OBJC_IMPLICIT_RETAIN_SELF = YES;
				CLANG_WARN_OBJC_LITERAL_CONVERSION = YES;
				CLANG_WARN_OBJC_ROOT_CLASS = YES_ERROR;
				CLANG_WARN_RANGE_LOOP_ANALYSIS = YES;
				CLANG_WARN_STRICT_PROTOTYPES = YES;
				CLANG_WARN_SUSPICIOUS_MOVE = YES;
				CLANG_WARN_UNGUARDED_AVAILABILITY = YES_AGGRESSIVE;
				CLANG_WARN_UNREACHABLE_CODE = YES;
				CLANG_WARN__DUPLICATE_METHOD_MATCH = YES;
				CODE_SIGN_IDENTITY = "iPhone Developer";
				COPY_PHASE_STRIP = NO;
				DEBUG_INFORMATION_FORMAT = dwarf;
				ENABLE_STRICT_OBJC_MSGSEND = YES;
				ENABLE_TESTABILITY = YES;
				GCC_C_LANGUAGE_STANDARD = gnu11;
				GCC_DYNAMIC_NO_PIC = NO;
				GCC_NO_COMMON_BLOCKS = YES;
				GCC_OPTIMIZATION_LEVEL = 0;
				GCC_PREPROCESSOR_DEFINITIONS = (
					"DEBUG=1",
					"$(inherited)",
				);
				GCC_WARN_64_TO_32_BIT_CONVERSION = YES;
				GCC_WARN_ABOUT_RETURN_TYPE = YES_ERROR;
				GCC_WARN_UNDECLARED_SELECTOR = YES;
				GCC_WARN_UNINITIALIZED_AUTOS = YES_AGGRESSIVE;
				GCC_WARN_UNUSED_FUNCTION = YES;
				GCC_WARN_UNUSED_VARIABLE = YES;
				IPHONEOS_DEPLOYMENT_TARGET = 12.4;
				MTL_ENABLE_DEBUG_INFO = INCLUDE_SOURCE;
				MTL_FAST_MATH = YES;
				ONLY_ACTIVE_ARCH = YES;
				SDKROOT = iphoneos;
				SWIFT_ACTIVE_COMPILATION_CONDITIONS = DEBUG;
				SWIFT_OPTIMIZATION_LEVEL = "-Onone";
			};
			name = Debug;
		};
		A7FE0694238BE7F40093F07A /* Release */ = {
			isa = XCBuildConfiguration;
			buildSettings = {
				ALWAYS_SEARCH_USER_PATHS = NO;
				CLANG_ANALYZER_NONNULL = YES;
				CLANG_ANALYZER_NUMBER_OBJECT_CONVERSION = YES_AGGRESSIVE;
				CLANG_CXX_LANGUAGE_STANDARD = "gnu++14";
				CLANG_CXX_LIBRARY = "libc++";
				CLANG_ENABLE_MODULES = YES;
				CLANG_ENABLE_OBJC_ARC = YES;
				CLANG_ENABLE_OBJC_WEAK = YES;
				CLANG_WARN_BLOCK_CAPTURE_AUTORELEASING = YES;
				CLANG_WARN_BOOL_CONVERSION = YES;
				CLANG_WARN_COMMA = YES;
				CLANG_WARN_CONSTANT_CONVERSION = YES;
				CLANG_WARN_DEPRECATED_OBJC_IMPLEMENTATIONS = YES;
				CLANG_WARN_DIRECT_OBJC_ISA_USAGE = YES_ERROR;
				CLANG_WARN_DOCUMENTATION_COMMENTS = YES;
				CLANG_WARN_EMPTY_BODY = YES;
				CLANG_WARN_ENUM_CONVERSION = YES;
				CLANG_WARN_INFINITE_RECURSION = YES;
				CLANG_WARN_INT_CONVERSION = YES;
				CLANG_WARN_NON_LITERAL_NULL_CONVERSION = YES;
				CLANG_WARN_OBJC_IMPLICIT_RETAIN_SELF = YES;
				CLANG_WARN_OBJC_LITERAL_CONVERSION = YES;
				CLANG_WARN_OBJC_ROOT_CLASS = YES_ERROR;
				CLANG_WARN_RANGE_LOOP_ANALYSIS = YES;
				CLANG_WARN_STRICT_PROTOTYPES = YES;
				CLANG_WARN_SUSPICIOUS_MOVE = YES;
				CLANG_WARN_UNGUARDED_AVAILABILITY = YES_AGGRESSIVE;
				CLANG_WARN_UNREACHABLE_CODE = YES;
				CLANG_WARN__DUPLICATE_METHOD_MATCH = YES;
				CODE_SIGN_IDENTITY = "iPhone Developer";
				COPY_PHASE_STRIP = NO;
				DEBUG_INFORMATION_FORMAT = "dwarf-with-dsym";
				ENABLE_NS_ASSERTIONS = NO;
				ENABLE_STRICT_OBJC_MSGSEND = YES;
				GCC_C_LANGUAGE_STANDARD = gnu11;
				GCC_NO_COMMON_BLOCKS = YES;
				GCC_WARN_64_TO_32_BIT_CONVERSION = YES;
				GCC_WARN_ABOUT_RETURN_TYPE = YES_ERROR;
				GCC_WARN_UNDECLARED_SELECTOR = YES;
				GCC_WARN_UNINITIALIZED_AUTOS = YES_AGGRESSIVE;
				GCC_WARN_UNUSED_FUNCTION = YES;
				GCC_WARN_UNUSED_VARIABLE = YES;
				IPHONEOS_DEPLOYMENT_TARGET = 12.4;
				MTL_ENABLE_DEBUG_INFO = NO;
				MTL_FAST_MATH = YES;
				SDKROOT = iphoneos;
				SWIFT_COMPILATION_MODE = wholemodule;
				SWIFT_OPTIMIZATION_LEVEL = "-O";
				VALIDATE_PRODUCT = YES;
			};
			name = Release;
		};
		A7FE0696238BE7F40093F07A /* Debug */ = {
			isa = XCBuildConfiguration;
			buildSettings = {
				ASSETCATALOG_COMPILER_APPICON_NAME = AppIcon;
				CODE_SIGN_STYLE = Automatic;
				DEVELOPMENT_TEAM = HSXJ839659;
				INFOPLIST_FILE = GitRepo/Info.plist;
				LD_RUNPATH_SEARCH_PATHS = (
					"$(inherited)",
					"@executable_path/Frameworks",
				);
				PRODUCT_BUNDLE_IDENTIFIER = Viter.GitRepo;
				PRODUCT_NAME = "$(TARGET_NAME)";
				SWIFT_VERSION = 5.0;
				TARGETED_DEVICE_FAMILY = "1,2";
			};
			name = Debug;
		};
		A7FE0697238BE7F40093F07A /* Release */ = {
			isa = XCBuildConfiguration;
			buildSettings = {
				ASSETCATALOG_COMPILER_APPICON_NAME = AppIcon;
				CODE_SIGN_STYLE = Automatic;
				DEVELOPMENT_TEAM = HSXJ839659;
				INFOPLIST_FILE = GitRepo/Info.plist;
				LD_RUNPATH_SEARCH_PATHS = (
					"$(inherited)",
					"@executable_path/Frameworks",
				);
				PRODUCT_BUNDLE_IDENTIFIER = Viter.GitRepo;
				PRODUCT_NAME = "$(TARGET_NAME)";
				SWIFT_VERSION = 5.0;
				TARGETED_DEVICE_FAMILY = "1,2";
			};
			name = Release;
		};
		A7FE06BB238D90610093F07A /* Debug */ = {
			isa = XCBuildConfiguration;
			buildSettings = {
				CLANG_ENABLE_MODULES = YES;
				CODE_SIGN_STYLE = Automatic;
				DEVELOPMENT_TEAM = HSXJ839659;
				INFOPLIST_FILE = GitRepoTests/Info.plist;
				LD_RUNPATH_SEARCH_PATHS = (
					"$(inherited)",
					"@executable_path/Frameworks",
					"@loader_path/Frameworks",
				);
				PRODUCT_BUNDLE_IDENTIFIER = Viter.GitRepoTests;
				PRODUCT_NAME = "$(TARGET_NAME)";
				SWIFT_OPTIMIZATION_LEVEL = "-Onone";
				SWIFT_VERSION = 5.0;
				TARGETED_DEVICE_FAMILY = "1,2";
			};
			name = Debug;
		};
		A7FE06BC238D90610093F07A /* Release */ = {
			isa = XCBuildConfiguration;
			buildSettings = {
				CLANG_ENABLE_MODULES = YES;
				CODE_SIGN_STYLE = Automatic;
				DEVELOPMENT_TEAM = HSXJ839659;
				INFOPLIST_FILE = GitRepoTests/Info.plist;
				LD_RUNPATH_SEARCH_PATHS = (
					"$(inherited)",
					"@executable_path/Frameworks",
					"@loader_path/Frameworks",
				);
				PRODUCT_BUNDLE_IDENTIFIER = Viter.GitRepoTests;
				PRODUCT_NAME = "$(TARGET_NAME)";
				SWIFT_VERSION = 5.0;
				TARGETED_DEVICE_FAMILY = "1,2";
			};
			name = Release;
		};
/* End XCBuildConfiguration section */

/* Begin XCConfigurationList section */
		A7FE067E238BE7F30093F07A /* Build configuration list for PBXProject "GitRepo" */ = {
			isa = XCConfigurationList;
			buildConfigurations = (
				A7FE0693238BE7F40093F07A /* Debug */,
				A7FE0694238BE7F40093F07A /* Release */,
			);
			defaultConfigurationIsVisible = 0;
			defaultConfigurationName = Release;
		};
		A7FE0695238BE7F40093F07A /* Build configuration list for PBXNativeTarget "GitRepo" */ = {
			isa = XCConfigurationList;
			buildConfigurations = (
				A7FE0696238BE7F40093F07A /* Debug */,
				A7FE0697238BE7F40093F07A /* Release */,
			);
			defaultConfigurationIsVisible = 0;
			defaultConfigurationName = Release;
		};
		A7FE06BD238D90610093F07A /* Build configuration list for PBXNativeTarget "GitRepoTests" */ = {
			isa = XCConfigurationList;
			buildConfigurations = (
				A7FE06BB238D90610093F07A /* Debug */,
				A7FE06BC238D90610093F07A /* Release */,
			);
			defaultConfigurationIsVisible = 0;
			defaultConfigurationName = Release;
		};
/* End XCConfigurationList section */

/* Begin XCVersionGroup section */
		A7B405E42399510E0092AD85 /* GitRepoCoreData.xcdatamodeld */ = {
			isa = XCVersionGroup;
			children = (
				A7B405E52399510E0092AD85 /* GitRepoCoreData.xcdatamodel */,
			);
			currentVersion = A7B405E52399510E0092AD85 /* GitRepoCoreData.xcdatamodel */;
			path = GitRepoCoreData.xcdatamodeld;
			sourceTree = "<group>";
			versionGroupType = wrapper.xcdatamodel;
		};
/* End XCVersionGroup section */
	};
	rootObject = A7FE067B238BE7F30093F07A /* Project object */;
}
